// !$*UTF8*$!
{
	archiveVersion = 1;
	classes = {
	};
	objectVersion = 73;
	objects = {

/* Begin PBXBuildFile section */
		870AABD82CB32FAA00E9F3B6 /* PPU+caching.swift in Sources */ = {isa = PBXBuildFile; fileRef = 870AABD72CB32FAA00E9F3B6 /* PPU+caching.swift */; };
		870AABDA2CB34E3000E9F3B6 /* PPU+tracing.swift in Sources */ = {isa = PBXBuildFile; fileRef = 870AABD92CB34E3000E9F3B6 /* PPU+tracing.swift */; };
		870AABDC2CB3533700E9F3B6 /* PPU+IO.swift in Sources */ = {isa = PBXBuildFile; fileRef = 870AABDB2CB3533700E9F3B6 /* PPU+IO.swift */; };
		870AABDE2CB36D4100E9F3B6 /* PPU+rendering.swift in Sources */ = {isa = PBXBuildFile; fileRef = 870AABDD2CB36D4100E9F3B6 /* PPU+rendering.swift */; };
		870AABE02CB37EA000E9F3B6 /* CPU+instructions.swift in Sources */ = {isa = PBXBuildFile; fileRef = 870AABDF2CB37EA000E9F3B6 /* CPU+instructions.swift */; };
		870AABE22CB381C100E9F3B6 /* CPU+memory.swift in Sources */ = {isa = PBXBuildFile; fileRef = 870AABE12CB381C100E9F3B6 /* CPU+memory.swift */; };
		870AABE42CB382E000E9F3B6 /* CPU+execution.swift in Sources */ = {isa = PBXBuildFile; fileRef = 870AABE32CB382E000E9F3B6 /* CPU+execution.swift */; };
		871931F02C30BB2900A73C22 /* happiNESsApp.swift in Sources */ = {isa = PBXBuildFile; fileRef = 871931EF2C30BB2900A73C22 /* happiNESsApp.swift */; };
		871931F22C30BB2900A73C22 /* ContentView.swift in Sources */ = {isa = PBXBuildFile; fileRef = 871931F12C30BB2900A73C22 /* ContentView.swift */; };
		871931F42C30BB2C00A73C22 /* Assets.xcassets in Resources */ = {isa = PBXBuildFile; fileRef = 871931F32C30BB2C00A73C22 /* Assets.xcassets */; };
		871931F72C30BB2C00A73C22 /* Preview Assets.xcassets in Resources */ = {isa = PBXBuildFile; fileRef = 871931F62C30BB2C00A73C22 /* Preview Assets.xcassets */; };
		871931FF2C30C3A500A73C22 /* happiNESs.framework in Frameworks */ = {isa = PBXBuildFile; fileRef = 8744B1722C1CB9B3001B44B5 /* happiNESs.framework */; };
		871932002C30C3A500A73C22 /* happiNESs.framework in Embed Frameworks */ = {isa = PBXBuildFile; fileRef = 8744B1722C1CB9B3001B44B5 /* happiNESs.framework */; settings = {ATTRIBUTES = (CodeSignOnCopy, RemoveHeadersOnCopy, ); }; };
		871932072C30E91D00A73C22 /* NESColor.swift in Sources */ = {isa = PBXBuildFile; fileRef = 871932062C30E91D00A73C22 /* NESColor.swift */; };
		8719320C2C3366B000A73C22 /* Console.swift in Sources */ = {isa = PBXBuildFile; fileRef = 8719320A2C3366A900A73C22 /* Console.swift */; };
		871932102C372F6900A73C22 /* Bus.swift in Sources */ = {isa = PBXBuildFile; fileRef = 8719320F2C372F6900A73C22 /* Bus.swift */; };
		871932122C37985700A73C22 /* Mirroring.swift in Sources */ = {isa = PBXBuildFile; fileRef = 871932112C37985700A73C22 /* Mirroring.swift */; };
		871932142C3798B400A73C22 /* Cartridge.swift in Sources */ = {isa = PBXBuildFile; fileRef = 871932132C3798B400A73C22 /* Cartridge.swift */; };
		871F62302C62FE9E00132962 /* PPU.swift in Sources */ = {isa = PBXBuildFile; fileRef = 871F622F2C62FE9E00132962 /* PPU.swift */; };
		871F62342C6541D300132962 /* UInt16+bytes.swift in Sources */ = {isa = PBXBuildFile; fileRef = 871F62332C6541D300132962 /* UInt16+bytes.swift */; };
		87244E592CF925DB00EC26D3 /* Mmc3.swift in Sources */ = {isa = PBXBuildFile; fileRef = 87244E582CF925D700EC26D3 /* Mmc3.swift */; };
		8744B1772C1CB9B3001B44B5 /* happiNESs.docc in Sources */ = {isa = PBXBuildFile; fileRef = 8744B1762C1CB9B3001B44B5 /* happiNESs.docc */; };
		8744B17D2C1CB9B3001B44B5 /* happiNESs.framework in Frameworks */ = {isa = PBXBuildFile; fileRef = 8744B1722C1CB9B3001B44B5 /* happiNESs.framework */; };
		8744B1822C1CB9B3001B44B5 /* CPUTests.swift in Sources */ = {isa = PBXBuildFile; fileRef = 8744B1812C1CB9B3001B44B5 /* CPUTests.swift */; };
		8744B1832C1CB9B3001B44B5 /* happiNESs.h in Headers */ = {isa = PBXBuildFile; fileRef = 8744B1752C1CB9B3001B44B5 /* happiNESs.h */; settings = {ATTRIBUTES = (Public, ); }; };
		8744B18D2C1CB9F4001B44B5 /* AddressingMode.swift in Sources */ = {isa = PBXBuildFile; fileRef = 8744B18C2C1CB9F4001B44B5 /* AddressingMode.swift */; };
		8744B18F2C1CBB46001B44B5 /* Opcode.swift in Sources */ = {isa = PBXBuildFile; fileRef = 8744B18E2C1CBB46001B44B5 /* Opcode.swift */; };
		8744B1912C1CC0C4001B44B5 /* CPU.swift in Sources */ = {isa = PBXBuildFile; fileRef = 8744B1902C1CC0C4001B44B5 /* CPU.swift */; };
		874F51922CB9B51C00B12037 /* CachedSprite.swift in Sources */ = {isa = PBXBuildFile; fileRef = 874F51912CB9B51C00B12037 /* CachedSprite.swift */; };
		874F51A92CBEEBA700B12037 /* APU.swift in Sources */ = {isa = PBXBuildFile; fileRef = 874F51A82CBEEBA700B12037 /* APU.swift */; };
		874F51AB2CBF036600B12037 /* RegisterBit.swift in Sources */ = {isa = PBXBuildFile; fileRef = 874F51AA2CBF036600B12037 /* RegisterBit.swift */; };
		874F51AD2CBF05BC00B12037 /* Register.swift in Sources */ = {isa = PBXBuildFile; fileRef = 874F51AC2CBF05BC00B12037 /* Register.swift */; };
		874F51AF2CBF10DA00B12037 /* TriangleChannel.swift in Sources */ = {isa = PBXBuildFile; fileRef = 874F51AE2CBF10DA00B12037 /* TriangleChannel.swift */; };
		874F51B12CC03F1500B12037 /* RegisterBitMask.swift in Sources */ = {isa = PBXBuildFile; fileRef = 874F51B02CC03F1500B12037 /* RegisterBitMask.swift */; };
		874F51B32CC0638500B12037 /* Speaker.swift in Sources */ = {isa = PBXBuildFile; fileRef = 874F51B22CC0638500B12037 /* Speaker.swift */; };
		874F51B52CC1D05D00B12037 /* PulseChannel.swift in Sources */ = {isa = PBXBuildFile; fileRef = 874F51B42CC1D05D00B12037 /* PulseChannel.swift */; };
		874F51B72CC1E7D800B12037 /* AudioRingBuffer.swift in Sources */ = {isa = PBXBuildFile; fileRef = 874F51B62CC1E7D800B12037 /* AudioRingBuffer.swift */; };
		875F1ED12CCC7D0000DC8B7F /* DMCChannel.swift in Sources */ = {isa = PBXBuildFile; fileRef = 875F1ED02CCC7D0000DC8B7F /* DMCChannel.swift */; };
		8763D0682C39B61F006C1B4F /* Helpers.swift in Sources */ = {isa = PBXBuildFile; fileRef = 8763D0672C39B61F006C1B4F /* Helpers.swift */; };
		8763D06A2C39B719006C1B4F /* CartridgeTests.swift in Sources */ = {isa = PBXBuildFile; fileRef = 8763D0692C39B719006C1B4F /* CartridgeTests.swift */; };
		8763D06C2C39E528006C1B4F /* Screen.swift in Sources */ = {isa = PBXBuildFile; fileRef = 8763D06B2C39E528006C1B4F /* Screen.swift */; };
		8763D06E2C3A340C006C1B4F /* Tracing.swift in Sources */ = {isa = PBXBuildFile; fileRef = 8763D06D2C3A340C006C1B4F /* Tracing.swift */; };
		8771BFA82CCD62C500306E13 /* Interrupt.swift in Sources */ = {isa = PBXBuildFile; fileRef = 8771BFA72CCD62C500306E13 /* Interrupt.swift */; };
		877AE74E2D39CF5F006B9F54 /* JoypadIndex.swift in Sources */ = {isa = PBXBuildFile; fileRef = 877AE74D2D39CF58006B9F54 /* JoypadIndex.swift */; };
		877E970B2C7E4716007513B5 /* JoypadStatus.swift in Sources */ = {isa = PBXBuildFile; fileRef = 877E970A2C7E4716007513B5 /* JoypadStatus.swift */; };
		878A82C52D064042005E7011 /* Font+custom.swift in Sources */ = {isa = PBXBuildFile; fileRef = 878A82C42D064036005E7011 /* Font+custom.swift */; };
		878C69732CAA424400DA9BD4 /* Address.swift in Sources */ = {isa = PBXBuildFile; fileRef = 878C69722CAA424400DA9BD4 /* Address.swift */; };
		878D81442C7FEE3B0076ED30 /* image.xcassets in Resources */ = {isa = PBXBuildFile; fileRef = 878D81432C7FEE3B0076ED30 /* image.xcassets */; };
		878D81452C7FEE3B0076ED30 /* image.xcassets in Resources */ = {isa = PBXBuildFile; fileRef = 878D81432C7FEE3B0076ED30 /* image.xcassets */; };
		878D81472C815E760076ED30 /* NESError.swift in Sources */ = {isa = PBXBuildFile; fileRef = 878D81462C815E760076ED30 /* NESError.swift */; };
		878D81482C815E760076ED30 /* NESError.swift in Sources */ = {isa = PBXBuildFile; fileRef = 878D81462C815E760076ED30 /* NESError.swift */; };
		878DCB8D2CCAB4CC00BE7ABB /* NoiseChannel.swift in Sources */ = {isa = PBXBuildFile; fileRef = 878DCB8C2CCAB4CC00BE7ABB /* NoiseChannel.swift */; };
		879F665B2D0FB1BC00DF8AB1 /* Interruptible.swift in Sources */ = {isa = PBXBuildFile; fileRef = 879F665A2D0FB1B500DF8AB1 /* Interruptible.swift */; };
		879F66A52D125F4800DF8AB1 /* OpenBus.swift in Sources */ = {isa = PBXBuildFile; fileRef = 879F66A42D125F4200DF8AB1 /* OpenBus.swift */; };
		879F66A72D137E9D00DF8AB1 /* official_only.nes in Resources */ = {isa = PBXBuildFile; fileRef = 879F66A62D137E9D00DF8AB1 /* official_only.nes */; };
		879F66A92D137EDB00DF8AB1 /* test_ppu_read_buffer.nes in Resources */ = {isa = PBXBuildFile; fileRef = 879F66A82D137EDB00DF8AB1 /* test_ppu_read_buffer.nes */; };
		879F66C32D13C0F500DF8AB1 /* ROMTests.swift in Sources */ = {isa = PBXBuildFile; fileRef = 879F66C22D13C0E800DF8AB1 /* ROMTests.swift */; };
		87C5B3272CD9C3C9008580A6 /* Axrom.swift in Sources */ = {isa = PBXBuildFile; fileRef = 87C5B3222CD9C3C9008580A6 /* Axrom.swift */; };
		87C5B3282CD9C3C9008580A6 /* Cnrom.swift in Sources */ = {isa = PBXBuildFile; fileRef = 87C5B3232CD9C3C9008580A6 /* Cnrom.swift */; };
		87C5B3292CD9C3C9008580A6 /* Mmc1.swift in Sources */ = {isa = PBXBuildFile; fileRef = 87C5B3242CD9C3C9008580A6 /* Mmc1.swift */; };
		87C5B32A2CD9C3C9008580A6 /* Uxrom.swift in Sources */ = {isa = PBXBuildFile; fileRef = 87C5B3252CD9C3C9008580A6 /* Uxrom.swift */; };
		87C5B32B2CD9C3C9008580A6 /* Nrom.swift in Sources */ = {isa = PBXBuildFile; fileRef = 87C5B3262CD9C3C9008580A6 /* Nrom.swift */; };
		87C5B32E2CDD71D9008580A6 /* TimingMode.swift in Sources */ = {isa = PBXBuildFile; fileRef = 87C5B32D2CDD71D9008580A6 /* TimingMode.swift */; };
		87D265152C9146F400C143B1 /* ViewPort.swift in Sources */ = {isa = PBXBuildFile; fileRef = 87D265142C9146F400C143B1 /* ViewPort.swift */; };
		87D265172C9DECAF00C143B1 /* MapperNumber.swift in Sources */ = {isa = PBXBuildFile; fileRef = 87D265162C9DECAF00C143B1 /* MapperNumber.swift */; };
		87DC93682D2471DF008D65D2 /* LengthCounter.swift in Sources */ = {isa = PBXBuildFile; fileRef = 87DC93672D2471DA008D65D2 /* LengthCounter.swift */; };
		87DC936A2D247F4F008D65D2 /* Timer.swift in Sources */ = {isa = PBXBuildFile; fileRef = 87DC93692D247F4C008D65D2 /* Timer.swift */; };
		87DC936C2D248527008D65D2 /* Envelope.swift in Sources */ = {isa = PBXBuildFile; fileRef = 87DC936B2D248523008D65D2 /* Envelope.swift */; };
		87DC936E2D28BE54008D65D2 /* apu_test.nes in Resources */ = {isa = PBXBuildFile; fileRef = 87DC936D2D28BE54008D65D2 /* apu_test.nes */; };
		87DC93702D28C367008D65D2 /* LinearCounter.swift in Sources */ = {isa = PBXBuildFile; fileRef = 87DC936F2D28C363008D65D2 /* LinearCounter.swift */; };
		87E981472CD076660090A200 /* Mapper.swift in Sources */ = {isa = PBXBuildFile; fileRef = 87E981462CD076660090A200 /* Mapper.swift */; };
		87E981532CD8B5990090A200 /* NMIDelayState.swift in Sources */ = {isa = PBXBuildFile; fileRef = 87E981522CD8B5990090A200 /* NMIDelayState.swift */; };
		87E981562CD9A6950090A200 /* nestest.nes in Resources */ = {isa = PBXBuildFile; fileRef = 87E981552CD9A6950090A200 /* nestest.nes */; };
		87E981582CD9A6BF0090A200 /* ppu_vbl_nmi.nes in Resources */ = {isa = PBXBuildFile; fileRef = 87E981572CD9A6BF0090A200 /* ppu_vbl_nmi.nes */; };
		87F234532CE8567F00D2FDA6 /* Filter.swift in Sources */ = {isa = PBXBuildFile; fileRef = 87F234522CE8567700D2FDA6 /* Filter.swift */; };
		87F234562CE856DB00D2FDA6 /* LowPassFilter.swift in Sources */ = {isa = PBXBuildFile; fileRef = 87F234552CE856D100D2FDA6 /* LowPassFilter.swift */; };
		87F234582CE8574400D2FDA6 /* FilterChain.swift in Sources */ = {isa = PBXBuildFile; fileRef = 87F234572CE8573F00D2FDA6 /* FilterChain.swift */; };
		87F2345A2CE85E0100D2FDA6 /* HighPassFilter.swift in Sources */ = {isa = PBXBuildFile; fileRef = 87F234592CE85DFA00D2FDA6 /* HighPassFilter.swift */; };
/* End PBXBuildFile section */

/* Begin PBXContainerItemProxy section */
		871932012C30C3A500A73C22 /* PBXContainerItemProxy */ = {
			isa = PBXContainerItemProxy;
			containerPortal = 8744B1692C1CB9B3001B44B5 /* Project object */;
			proxyType = 1;
			remoteGlobalIDString = 8744B1712C1CB9B3001B44B5;
			remoteInfo = happiNESs;
		};
		8744B17E2C1CB9B3001B44B5 /* PBXContainerItemProxy */ = {
			isa = PBXContainerItemProxy;
			containerPortal = 8744B1692C1CB9B3001B44B5 /* Project object */;
			proxyType = 1;
			remoteGlobalIDString = 8744B1712C1CB9B3001B44B5;
			remoteInfo = happiNESs;
		};
/* End PBXContainerItemProxy section */

/* Begin PBXCopyFilesBuildPhase section */
		871932032C30C3A600A73C22 /* Embed Frameworks */ = {
			isa = PBXCopyFilesBuildPhase;
			buildActionMask = 2147483647;
			dstPath = "";
			dstSubfolderSpec = 10;
			files = (
				871932002C30C3A500A73C22 /* happiNESs.framework in Embed Frameworks */,
			);
			name = "Embed Frameworks";
			runOnlyForDeploymentPostprocessing = 0;
		};
		878A82BF2D063E4D005E7011 /* CopyFiles */ = {
			isa = PBXCopyFilesBuildPhase;
			buildActionMask = 2147483647;
			dstPath = Fonts;
			dstSubfolderSpec = 7;
			files = (
			);
			runOnlyForDeploymentPostprocessing = 0;
		};
		878A82C92D06636D005E7011 /* CopyFiles */ = {
			isa = PBXCopyFilesBuildPhase;
			buildActionMask = 2147483647;
			dstPath = Sounds;
			dstSubfolderSpec = 7;
			files = (
			);
			runOnlyForDeploymentPostprocessing = 0;
		};
/* End PBXCopyFilesBuildPhase section */

/* Begin PBXFileReference section */
		8709FF122C7FB36700EDF82F /* Info.plist */ = {isa = PBXFileReference; lastKnownFileType = text.plist; path = Info.plist; sourceTree = "<group>"; };
		870AABD72CB32FAA00E9F3B6 /* PPU+caching.swift */ = {isa = PBXFileReference; lastKnownFileType = sourcecode.swift; path = "PPU+caching.swift"; sourceTree = "<group>"; };
		870AABD92CB34E3000E9F3B6 /* PPU+tracing.swift */ = {isa = PBXFileReference; lastKnownFileType = sourcecode.swift; path = "PPU+tracing.swift"; sourceTree = "<group>"; };
		870AABDB2CB3533700E9F3B6 /* PPU+IO.swift */ = {isa = PBXFileReference; lastKnownFileType = sourcecode.swift; path = "PPU+IO.swift"; sourceTree = "<group>"; };
		870AABDD2CB36D4100E9F3B6 /* PPU+rendering.swift */ = {isa = PBXFileReference; lastKnownFileType = sourcecode.swift; path = "PPU+rendering.swift"; sourceTree = "<group>"; };
		870AABDF2CB37EA000E9F3B6 /* CPU+instructions.swift */ = {isa = PBXFileReference; lastKnownFileType = sourcecode.swift; path = "CPU+instructions.swift"; sourceTree = "<group>"; };
		870AABE12CB381C100E9F3B6 /* CPU+memory.swift */ = {isa = PBXFileReference; lastKnownFileType = sourcecode.swift; path = "CPU+memory.swift"; sourceTree = "<group>"; };
		870AABE32CB382E000E9F3B6 /* CPU+execution.swift */ = {isa = PBXFileReference; lastKnownFileType = sourcecode.swift; path = "CPU+execution.swift"; sourceTree = "<group>"; };
		871931ED2C30BB2900A73C22 /* happiNESs.app */ = {isa = PBXFileReference; explicitFileType = wrapper.application; includeInIndex = 0; path = happiNESs.app; sourceTree = BUILT_PRODUCTS_DIR; };
		871931EF2C30BB2900A73C22 /* happiNESsApp.swift */ = {isa = PBXFileReference; lastKnownFileType = sourcecode.swift; path = happiNESsApp.swift; sourceTree = "<group>"; };
		871931F12C30BB2900A73C22 /* ContentView.swift */ = {isa = PBXFileReference; lastKnownFileType = sourcecode.swift; path = ContentView.swift; sourceTree = "<group>"; };
		871931F32C30BB2C00A73C22 /* Assets.xcassets */ = {isa = PBXFileReference; lastKnownFileType = folder.assetcatalog; path = Assets.xcassets; sourceTree = "<group>"; };
		871931F62C30BB2C00A73C22 /* Preview Assets.xcassets */ = {isa = PBXFileReference; lastKnownFileType = folder.assetcatalog; path = "Preview Assets.xcassets"; sourceTree = "<group>"; };
		871931F82C30BB2C00A73C22 /* happiNESsApp.entitlements */ = {isa = PBXFileReference; lastKnownFileType = text.plist.entitlements; path = happiNESsApp.entitlements; sourceTree = "<group>"; };
		871932062C30E91D00A73C22 /* NESColor.swift */ = {isa = PBXFileReference; lastKnownFileType = sourcecode.swift; path = NESColor.swift; sourceTree = "<group>"; };
		8719320A2C3366A900A73C22 /* Console.swift */ = {isa = PBXFileReference; fileEncoding = 4; lastKnownFileType = sourcecode.swift; name = Console.swift; path = happiNESsApp/Console.swift; sourceTree = SOURCE_ROOT; };
		8719320F2C372F6900A73C22 /* Bus.swift */ = {isa = PBXFileReference; lastKnownFileType = sourcecode.swift; path = Bus.swift; sourceTree = "<group>"; };
		871932112C37985700A73C22 /* Mirroring.swift */ = {isa = PBXFileReference; lastKnownFileType = sourcecode.swift; path = Mirroring.swift; sourceTree = "<group>"; };
		871932132C3798B400A73C22 /* Cartridge.swift */ = {isa = PBXFileReference; lastKnownFileType = sourcecode.swift; path = Cartridge.swift; sourceTree = "<group>"; };
		871F622F2C62FE9E00132962 /* PPU.swift */ = {isa = PBXFileReference; lastKnownFileType = sourcecode.swift; path = PPU.swift; sourceTree = "<group>"; };
		871F62332C6541D300132962 /* UInt16+bytes.swift */ = {isa = PBXFileReference; lastKnownFileType = sourcecode.swift; path = "UInt16+bytes.swift"; sourceTree = "<group>"; };
		87244E582CF925D700EC26D3 /* Mmc3.swift */ = {isa = PBXFileReference; lastKnownFileType = sourcecode.swift; path = Mmc3.swift; sourceTree = "<group>"; };
		8744B1722C1CB9B3001B44B5 /* happiNESs.framework */ = {isa = PBXFileReference; explicitFileType = wrapper.framework; includeInIndex = 0; path = happiNESs.framework; sourceTree = BUILT_PRODUCTS_DIR; };
		8744B1752C1CB9B3001B44B5 /* happiNESs.h */ = {isa = PBXFileReference; lastKnownFileType = sourcecode.c.h; path = happiNESs.h; sourceTree = "<group>"; };
		8744B1762C1CB9B3001B44B5 /* happiNESs.docc */ = {isa = PBXFileReference; lastKnownFileType = folder.documentationcatalog; path = happiNESs.docc; sourceTree = "<group>"; };
		8744B17C2C1CB9B3001B44B5 /* happiNESsTests.xctest */ = {isa = PBXFileReference; explicitFileType = wrapper.cfbundle; includeInIndex = 0; path = happiNESsTests.xctest; sourceTree = BUILT_PRODUCTS_DIR; };
		8744B1812C1CB9B3001B44B5 /* CPUTests.swift */ = {isa = PBXFileReference; lastKnownFileType = sourcecode.swift; path = CPUTests.swift; sourceTree = "<group>"; };
		8744B18C2C1CB9F4001B44B5 /* AddressingMode.swift */ = {isa = PBXFileReference; lastKnownFileType = sourcecode.swift; path = AddressingMode.swift; sourceTree = "<group>"; };
		8744B18E2C1CBB46001B44B5 /* Opcode.swift */ = {isa = PBXFileReference; lastKnownFileType = sourcecode.swift; path = Opcode.swift; sourceTree = "<group>"; };
		8744B1902C1CC0C4001B44B5 /* CPU.swift */ = {isa = PBXFileReference; lastKnownFileType = sourcecode.swift; path = CPU.swift; sourceTree = "<group>"; };
		874F51912CB9B51C00B12037 /* CachedSprite.swift */ = {isa = PBXFileReference; lastKnownFileType = sourcecode.swift; path = CachedSprite.swift; sourceTree = "<group>"; };
		874F51A82CBEEBA700B12037 /* APU.swift */ = {isa = PBXFileReference; lastKnownFileType = sourcecode.swift; path = APU.swift; sourceTree = "<group>"; };
		874F51AA2CBF036600B12037 /* RegisterBit.swift */ = {isa = PBXFileReference; lastKnownFileType = sourcecode.swift; path = RegisterBit.swift; sourceTree = "<group>"; };
		874F51AC2CBF05BC00B12037 /* Register.swift */ = {isa = PBXFileReference; lastKnownFileType = sourcecode.swift; path = Register.swift; sourceTree = "<group>"; };
		874F51AE2CBF10DA00B12037 /* TriangleChannel.swift */ = {isa = PBXFileReference; lastKnownFileType = sourcecode.swift; path = TriangleChannel.swift; sourceTree = "<group>"; };
		874F51B02CC03F1500B12037 /* RegisterBitMask.swift */ = {isa = PBXFileReference; lastKnownFileType = sourcecode.swift; path = RegisterBitMask.swift; sourceTree = "<group>"; };
		874F51B22CC0638500B12037 /* Speaker.swift */ = {isa = PBXFileReference; lastKnownFileType = sourcecode.swift; path = Speaker.swift; sourceTree = "<group>"; };
		874F51B42CC1D05D00B12037 /* PulseChannel.swift */ = {isa = PBXFileReference; lastKnownFileType = sourcecode.swift; path = PulseChannel.swift; sourceTree = "<group>"; };
		874F51B62CC1E7D800B12037 /* AudioRingBuffer.swift */ = {isa = PBXFileReference; lastKnownFileType = sourcecode.swift; path = AudioRingBuffer.swift; sourceTree = "<group>"; };
		875F1ED02CCC7D0000DC8B7F /* DMCChannel.swift */ = {isa = PBXFileReference; lastKnownFileType = sourcecode.swift; path = DMCChannel.swift; sourceTree = "<group>"; };
		8763D0672C39B61F006C1B4F /* Helpers.swift */ = {isa = PBXFileReference; lastKnownFileType = sourcecode.swift; path = Helpers.swift; sourceTree = "<group>"; };
		8763D0692C39B719006C1B4F /* CartridgeTests.swift */ = {isa = PBXFileReference; lastKnownFileType = sourcecode.swift; path = CartridgeTests.swift; sourceTree = "<group>"; };
		8763D06B2C39E528006C1B4F /* Screen.swift */ = {isa = PBXFileReference; lastKnownFileType = sourcecode.swift; path = Screen.swift; sourceTree = "<group>"; };
		8763D06D2C3A340C006C1B4F /* Tracing.swift */ = {isa = PBXFileReference; lastKnownFileType = sourcecode.swift; path = Tracing.swift; sourceTree = "<group>"; };
		8771BFA72CCD62C500306E13 /* Interrupt.swift */ = {isa = PBXFileReference; lastKnownFileType = sourcecode.swift; path = Interrupt.swift; sourceTree = "<group>"; };
		877AE74D2D39CF58006B9F54 /* JoypadIndex.swift */ = {isa = PBXFileReference; lastKnownFileType = sourcecode.swift; path = JoypadIndex.swift; sourceTree = "<group>"; };
		877E970A2C7E4716007513B5 /* JoypadStatus.swift */ = {isa = PBXFileReference; lastKnownFileType = sourcecode.swift; path = JoypadStatus.swift; sourceTree = "<group>"; };
		878A82C42D064036005E7011 /* Font+custom.swift */ = {isa = PBXFileReference; lastKnownFileType = sourcecode.swift; path = "Font+custom.swift"; sourceTree = "<group>"; };
		878C69722CAA424400DA9BD4 /* Address.swift */ = {isa = PBXFileReference; lastKnownFileType = sourcecode.swift; path = Address.swift; sourceTree = "<group>"; };
		878D81432C7FEE3B0076ED30 /* image.xcassets */ = {isa = PBXFileReference; lastKnownFileType = folder.assetcatalog; path = image.xcassets; sourceTree = "<group>"; };
		878D81462C815E760076ED30 /* NESError.swift */ = {isa = PBXFileReference; lastKnownFileType = sourcecode.swift; path = NESError.swift; sourceTree = "<group>"; };
		878DCB8C2CCAB4CC00BE7ABB /* NoiseChannel.swift */ = {isa = PBXFileReference; lastKnownFileType = sourcecode.swift; path = NoiseChannel.swift; sourceTree = "<group>"; };
		879F665A2D0FB1B500DF8AB1 /* Interruptible.swift */ = {isa = PBXFileReference; lastKnownFileType = sourcecode.swift; path = Interruptible.swift; sourceTree = "<group>"; };
		879F66A42D125F4200DF8AB1 /* OpenBus.swift */ = {isa = PBXFileReference; lastKnownFileType = sourcecode.swift; path = OpenBus.swift; sourceTree = "<group>"; };
		879F66A62D137E9D00DF8AB1 /* official_only.nes */ = {isa = PBXFileReference; lastKnownFileType = file; path = official_only.nes; sourceTree = "<group>"; };
		879F66A82D137EDB00DF8AB1 /* test_ppu_read_buffer.nes */ = {isa = PBXFileReference; lastKnownFileType = file; path = test_ppu_read_buffer.nes; sourceTree = "<group>"; };
		879F66C22D13C0E800DF8AB1 /* ROMTests.swift */ = {isa = PBXFileReference; lastKnownFileType = sourcecode.swift; path = ROMTests.swift; sourceTree = "<group>"; };
		87C5B3222CD9C3C9008580A6 /* Axrom.swift */ = {isa = PBXFileReference; fileEncoding = 4; lastKnownFileType = sourcecode.swift; path = Axrom.swift; sourceTree = "<group>"; };
		87C5B3232CD9C3C9008580A6 /* Cnrom.swift */ = {isa = PBXFileReference; fileEncoding = 4; lastKnownFileType = sourcecode.swift; path = Cnrom.swift; sourceTree = "<group>"; };
		87C5B3242CD9C3C9008580A6 /* Mmc1.swift */ = {isa = PBXFileReference; fileEncoding = 4; lastKnownFileType = sourcecode.swift; path = Mmc1.swift; sourceTree = "<group>"; };
		87C5B3252CD9C3C9008580A6 /* Uxrom.swift */ = {isa = PBXFileReference; fileEncoding = 4; lastKnownFileType = sourcecode.swift; path = Uxrom.swift; sourceTree = "<group>"; };
		87C5B3262CD9C3C9008580A6 /* Nrom.swift */ = {isa = PBXFileReference; fileEncoding = 4; lastKnownFileType = sourcecode.swift; path = Nrom.swift; sourceTree = "<group>"; };
		87C5B32D2CDD71D9008580A6 /* TimingMode.swift */ = {isa = PBXFileReference; lastKnownFileType = sourcecode.swift; path = TimingMode.swift; sourceTree = "<group>"; };
		87D265142C9146F400C143B1 /* ViewPort.swift */ = {isa = PBXFileReference; lastKnownFileType = sourcecode.swift; path = ViewPort.swift; sourceTree = "<group>"; };
		87D265162C9DECAF00C143B1 /* MapperNumber.swift */ = {isa = PBXFileReference; lastKnownFileType = sourcecode.swift; path = MapperNumber.swift; sourceTree = "<group>"; };
		87DC93672D2471DA008D65D2 /* LengthCounter.swift */ = {isa = PBXFileReference; lastKnownFileType = sourcecode.swift; path = LengthCounter.swift; sourceTree = "<group>"; };
		87DC93692D247F4C008D65D2 /* Timer.swift */ = {isa = PBXFileReference; lastKnownFileType = sourcecode.swift; path = Timer.swift; sourceTree = "<group>"; };
		87DC936B2D248523008D65D2 /* Envelope.swift */ = {isa = PBXFileReference; lastKnownFileType = sourcecode.swift; path = Envelope.swift; sourceTree = "<group>"; };
		87DC936D2D28BE54008D65D2 /* apu_test.nes */ = {isa = PBXFileReference; lastKnownFileType = file; path = apu_test.nes; sourceTree = "<group>"; };
		87DC936F2D28C363008D65D2 /* LinearCounter.swift */ = {isa = PBXFileReference; lastKnownFileType = sourcecode.swift; path = LinearCounter.swift; sourceTree = "<group>"; };
		87E981462CD076660090A200 /* Mapper.swift */ = {isa = PBXFileReference; lastKnownFileType = sourcecode.swift; path = Mapper.swift; sourceTree = "<group>"; };
		87E981522CD8B5990090A200 /* NMIDelayState.swift */ = {isa = PBXFileReference; lastKnownFileType = sourcecode.swift; path = NMIDelayState.swift; sourceTree = "<group>"; };
		87E981552CD9A6950090A200 /* nestest.nes */ = {isa = PBXFileReference; lastKnownFileType = file; path = nestest.nes; sourceTree = "<group>"; };
		87E981572CD9A6BF0090A200 /* ppu_vbl_nmi.nes */ = {isa = PBXFileReference; lastKnownFileType = file; path = ppu_vbl_nmi.nes; sourceTree = "<group>"; };
		87F234522CE8567700D2FDA6 /* Filter.swift */ = {isa = PBXFileReference; lastKnownFileType = sourcecode.swift; path = Filter.swift; sourceTree = "<group>"; };
		87F234552CE856D100D2FDA6 /* LowPassFilter.swift */ = {isa = PBXFileReference; lastKnownFileType = sourcecode.swift; path = LowPassFilter.swift; sourceTree = "<group>"; };
		87F234572CE8573F00D2FDA6 /* FilterChain.swift */ = {isa = PBXFileReference; lastKnownFileType = sourcecode.swift; path = FilterChain.swift; sourceTree = "<group>"; };
		87F234592CE85DFA00D2FDA6 /* HighPassFilter.swift */ = {isa = PBXFileReference; lastKnownFileType = sourcecode.swift; path = HighPassFilter.swift; sourceTree = "<group>"; };
/* End PBXFileReference section */

/* Begin PBXFileSystemSynchronizedBuildFileExceptionSet section */
		878A82BE2D063E36005E7011 /* PBXFileSystemSynchronizedBuildFileExceptionSet */ = {
			isa = PBXFileSystemSynchronizedBuildFileExceptionSet;
			membershipExceptions = (
				license.txt,
				readme.txt,
				"zelda-ii-the-adventure-of-link.otf",
			);
			target = 871931EC2C30BB2900A73C22 /* happiNESsApp */;
		};
		878A82CC2D066384005E7011 /* PBXFileSystemSynchronizedBuildFileExceptionSet */ = {
			isa = PBXFileSystemSynchronizedBuildFileExceptionSet;
			membershipExceptions = (
				pause.mp3,
			);
			target = 871931EC2C30BB2900A73C22 /* happiNESsApp */;
		};
/* End PBXFileSystemSynchronizedBuildFileExceptionSet section */

/* Begin PBXFileSystemSynchronizedGroupBuildPhaseMembershipExceptionSet section */
		878A82C32D063E79005E7011 /* PBXFileSystemSynchronizedGroupBuildPhaseMembershipExceptionSet */ = {
			isa = PBXFileSystemSynchronizedGroupBuildPhaseMembershipExceptionSet;
			buildPhase = 878A82BF2D063E4D005E7011 /* CopyFiles */;
			membershipExceptions = (
				license.txt,
				readme.txt,
				"zelda-ii-the-adventure-of-link.otf",
			);
		};
		878A82CB2D066381005E7011 /* PBXFileSystemSynchronizedGroupBuildPhaseMembershipExceptionSet */ = {
			isa = PBXFileSystemSynchronizedGroupBuildPhaseMembershipExceptionSet;
			buildPhase = 878A82C92D06636D005E7011 /* CopyFiles */;
			membershipExceptions = (
				pause.mp3,
			);
		};
/* End PBXFileSystemSynchronizedGroupBuildPhaseMembershipExceptionSet section */

/* Begin PBXFileSystemSynchronizedRootGroup section */
		878A82B82D063AA3005E7011 /* Fonts */ = {isa = PBXFileSystemSynchronizedRootGroup; exceptions = (878A82BE2D063E36005E7011 /* PBXFileSystemSynchronizedBuildFileExceptionSet */, 878A82C32D063E79005E7011 /* PBXFileSystemSynchronizedGroupBuildPhaseMembershipExceptionSet */, ); explicitFileTypes = {}; explicitFolders = (); path = Fonts; sourceTree = "<group>"; };
		878A82C62D0662A7005E7011 /* Sounds */ = {isa = PBXFileSystemSynchronizedRootGroup; exceptions = (878A82CC2D066384005E7011 /* PBXFileSystemSynchronizedBuildFileExceptionSet */, 878A82CB2D066381005E7011 /* PBXFileSystemSynchronizedGroupBuildPhaseMembershipExceptionSet */, ); explicitFileTypes = {}; explicitFolders = (); path = Sounds; sourceTree = "<group>"; };
/* End PBXFileSystemSynchronizedRootGroup section */

/* Begin PBXFrameworksBuildPhase section */
		871931EA2C30BB2900A73C22 /* Frameworks */ = {
			isa = PBXFrameworksBuildPhase;
			buildActionMask = 2147483647;
			files = (
				871931FF2C30C3A500A73C22 /* happiNESs.framework in Frameworks */,
			);
			runOnlyForDeploymentPostprocessing = 0;
		};
		8744B16F2C1CB9B3001B44B5 /* Frameworks */ = {
			isa = PBXFrameworksBuildPhase;
			buildActionMask = 2147483647;
			files = (
			);
			runOnlyForDeploymentPostprocessing = 0;
		};
		8744B1792C1CB9B3001B44B5 /* Frameworks */ = {
			isa = PBXFrameworksBuildPhase;
			buildActionMask = 2147483647;
			files = (
				8744B17D2C1CB9B3001B44B5 /* happiNESs.framework in Frameworks */,
			);
			runOnlyForDeploymentPostprocessing = 0;
		};
/* End PBXFrameworksBuildPhase section */

/* Begin PBXGroup section */
		871931EE2C30BB2900A73C22 /* happiNESsApp */ = {
			isa = PBXGroup;
			children = (
				8709FF122C7FB36700EDF82F /* Info.plist */,
				878A82B82D063AA3005E7011 /* Fonts */,
				878A82C62D0662A7005E7011 /* Sounds */,
				871931EF2C30BB2900A73C22 /* happiNESsApp.swift */,
				8719320A2C3366A900A73C22 /* Console.swift */,
				871931F12C30BB2900A73C22 /* ContentView.swift */,
				878A82C42D064036005E7011 /* Font+custom.swift */,
				8763D06B2C39E528006C1B4F /* Screen.swift */,
				874F51B22CC0638500B12037 /* Speaker.swift */,
				871931F32C30BB2C00A73C22 /* Assets.xcassets */,
				871931F82C30BB2C00A73C22 /* happiNESsApp.entitlements */,
				871931F52C30BB2C00A73C22 /* Preview Content */,
			);
			path = happiNESsApp;
			sourceTree = "<group>";
		};
		871931F52C30BB2C00A73C22 /* Preview Content */ = {
			isa = PBXGroup;
			children = (
				871931F62C30BB2C00A73C22 /* Preview Assets.xcassets */,
			);
			path = "Preview Content";
			sourceTree = "<group>";
		};
		871931FE2C30C3A500A73C22 /* Frameworks */ = {
			isa = PBXGroup;
			children = (
			);
			name = Frameworks;
			sourceTree = "<group>";
		};
		8744B1682C1CB9B3001B44B5 = {
			isa = PBXGroup;
			children = (
				878D81432C7FEE3B0076ED30 /* image.xcassets */,
				8744B1742C1CB9B3001B44B5 /* happiNESs */,
				8744B1802C1CB9B3001B44B5 /* happiNESsTests */,
				871931EE2C30BB2900A73C22 /* happiNESsApp */,
				8744B1732C1CB9B3001B44B5 /* Products */,
				871931FE2C30C3A500A73C22 /* Frameworks */,
			);
			sourceTree = "<group>";
		};
		8744B1732C1CB9B3001B44B5 /* Products */ = {
			isa = PBXGroup;
			children = (
				8744B1722C1CB9B3001B44B5 /* happiNESs.framework */,
				8744B17C2C1CB9B3001B44B5 /* happiNESsTests.xctest */,
				871931ED2C30BB2900A73C22 /* happiNESs.app */,
			);
			name = Products;
			sourceTree = "<group>";
		};
		8744B1742C1CB9B3001B44B5 /* happiNESs */ = {
			isa = PBXGroup;
			children = (
				8744B1752C1CB9B3001B44B5 /* happiNESs.h */,
				8744B1762C1CB9B3001B44B5 /* happiNESs.docc */,
				878C69722CAA424400DA9BD4 /* Address.swift */,
				8744B18C2C1CB9F4001B44B5 /* AddressingMode.swift */,
				874F51A82CBEEBA700B12037 /* APU.swift */,
				874F51B62CC1E7D800B12037 /* AudioRingBuffer.swift */,
				8719320F2C372F6900A73C22 /* Bus.swift */,
				874F51912CB9B51C00B12037 /* CachedSprite.swift */,
				871932132C3798B400A73C22 /* Cartridge.swift */,
				87C5B3212CD9C388008580A6 /* Channels */,
				8744B1902C1CC0C4001B44B5 /* CPU.swift */,
				870AABE32CB382E000E9F3B6 /* CPU+execution.swift */,
				870AABDF2CB37EA000E9F3B6 /* CPU+instructions.swift */,
				870AABE12CB381C100E9F3B6 /* CPU+memory.swift */,
				87F234522CE8567700D2FDA6 /* Filter.swift */,
				87F234572CE8573F00D2FDA6 /* FilterChain.swift */,
				87F234542CE856C400D2FDA6 /* Filters */,
				8771BFA72CCD62C500306E13 /* Interrupt.swift */,
				879F665A2D0FB1B500DF8AB1 /* Interruptible.swift */,
				877AE74D2D39CF58006B9F54 /* JoypadIndex.swift */,
				877E970A2C7E4716007513B5 /* JoypadStatus.swift */,
				87E981462CD076660090A200 /* Mapper.swift */,
				87D265162C9DECAF00C143B1 /* MapperNumber.swift */,
				87C5B32C2CD9C40A008580A6 /* Mappers */,
				871932112C37985700A73C22 /* Mirroring.swift */,
				871932062C30E91D00A73C22 /* NESColor.swift */,
				878D81462C815E760076ED30 /* NESError.swift */,
				87E981522CD8B5990090A200 /* NMIDelayState.swift */,
				8744B18E2C1CBB46001B44B5 /* Opcode.swift */,
				879F66A42D125F4200DF8AB1 /* OpenBus.swift */,
				871F622F2C62FE9E00132962 /* PPU.swift */,
				870AABD72CB32FAA00E9F3B6 /* PPU+caching.swift */,
				870AABDD2CB36D4100E9F3B6 /* PPU+rendering.swift */,
				870AABD92CB34E3000E9F3B6 /* PPU+tracing.swift */,
				870AABDB2CB3533700E9F3B6 /* PPU+IO.swift */,
				874F51AC2CBF05BC00B12037 /* Register.swift */,
				874F51AA2CBF036600B12037 /* RegisterBit.swift */,
				874F51B02CC03F1500B12037 /* RegisterBitMask.swift */,
				87C5B32D2CDD71D9008580A6 /* TimingMode.swift */,
				8763D06D2C3A340C006C1B4F /* Tracing.swift */,
				871F62332C6541D300132962 /* UInt16+bytes.swift */,
				87D265142C9146F400C143B1 /* ViewPort.swift */,
			);
			path = happiNESs;
			sourceTree = "<group>";
		};
		8744B1802C1CB9B3001B44B5 /* happiNESsTests */ = {
			isa = PBXGroup;
			children = (
				87E981542CD9A6170090A200 /* roms */,
				8744B1812C1CB9B3001B44B5 /* CPUTests.swift */,
				8763D0672C39B61F006C1B4F /* Helpers.swift */,
				8763D0692C39B719006C1B4F /* CartridgeTests.swift */,
				879F66C22D13C0E800DF8AB1 /* ROMTests.swift */,
			);
			path = happiNESsTests;
			sourceTree = "<group>";
		};
		87C5B3212CD9C388008580A6 /* Channels */ = {
			isa = PBXGroup;
			children = (
				875F1ED02CCC7D0000DC8B7F /* DMCChannel.swift */,
				878DCB8C2CCAB4CC00BE7ABB /* NoiseChannel.swift */,
				874F51AE2CBF10DA00B12037 /* TriangleChannel.swift */,
				874F51B42CC1D05D00B12037 /* PulseChannel.swift */,
				87DC936B2D248523008D65D2 /* Envelope.swift */,
				87DC93672D2471DA008D65D2 /* LengthCounter.swift */,
				87DC936F2D28C363008D65D2 /* LinearCounter.swift */,
				87DC93692D247F4C008D65D2 /* Timer.swift */,
			);
			path = Channels;
			sourceTree = "<group>";
		};
		87C5B32C2CD9C40A008580A6 /* Mappers */ = {
			isa = PBXGroup;
			children = (
				87C5B3222CD9C3C9008580A6 /* Axrom.swift */,
				87C5B3232CD9C3C9008580A6 /* Cnrom.swift */,
				87C5B3242CD9C3C9008580A6 /* Mmc1.swift */,
				87244E582CF925D700EC26D3 /* Mmc3.swift */,
				87C5B3262CD9C3C9008580A6 /* Nrom.swift */,
				87C5B3252CD9C3C9008580A6 /* Uxrom.swift */,
			);
			path = Mappers;
			sourceTree = "<group>";
		};
		87E981542CD9A6170090A200 /* roms */ = {
			isa = PBXGroup;
			children = (
				87DC936D2D28BE54008D65D2 /* apu_test.nes */,
				879F66A82D137EDB00DF8AB1 /* test_ppu_read_buffer.nes */,
				879F66A62D137E9D00DF8AB1 /* official_only.nes */,
				87E981572CD9A6BF0090A200 /* ppu_vbl_nmi.nes */,
				87E981552CD9A6950090A200 /* nestest.nes */,
			);
			path = roms;
			sourceTree = "<group>";
		};
		87F234542CE856C400D2FDA6 /* Filters */ = {
			isa = PBXGroup;
			children = (
				87F234552CE856D100D2FDA6 /* LowPassFilter.swift */,
				87F234592CE85DFA00D2FDA6 /* HighPassFilter.swift */,
			);
			path = Filters;
			sourceTree = "<group>";
		};
/* End PBXGroup section */

/* Begin PBXHeadersBuildPhase section */
		8744B16D2C1CB9B3001B44B5 /* Headers */ = {
			isa = PBXHeadersBuildPhase;
			buildActionMask = 2147483647;
			files = (
				8744B1832C1CB9B3001B44B5 /* happiNESs.h in Headers */,
			);
			runOnlyForDeploymentPostprocessing = 0;
		};
/* End PBXHeadersBuildPhase section */

/* Begin PBXNativeTarget section */
		871931EC2C30BB2900A73C22 /* happiNESsApp */ = {
			isa = PBXNativeTarget;
			buildConfigurationList = 871931FB2C30BB2C00A73C22 /* Build configuration list for PBXNativeTarget "happiNESsApp" */;
			buildPhases = (
				871931E92C30BB2900A73C22 /* Sources */,
				871931EA2C30BB2900A73C22 /* Frameworks */,
				871931EB2C30BB2900A73C22 /* Resources */,
				871932032C30C3A600A73C22 /* Embed Frameworks */,
				878A82BF2D063E4D005E7011 /* CopyFiles */,
				878A82C92D06636D005E7011 /* CopyFiles */,
			);
			buildRules = (
			);
			dependencies = (
				871932022C30C3A500A73C22 /* PBXTargetDependency */,
			);
			fileSystemSynchronizedGroups = (
				878A82B82D063AA3005E7011 /* Fonts */,
				878A82C62D0662A7005E7011 /* Sounds */,
			);
			name = happiNESsApp;
			productName = happiNESsApp;
			productReference = 871931ED2C30BB2900A73C22 /* happiNESs.app */;
			productType = "com.apple.product-type.application";
		};
		8744B1712C1CB9B3001B44B5 /* happiNESs */ = {
			isa = PBXNativeTarget;
			buildConfigurationList = 8744B1862C1CB9B3001B44B5 /* Build configuration list for PBXNativeTarget "happiNESs" */;
			buildPhases = (
				8744B16D2C1CB9B3001B44B5 /* Headers */,
				8744B16E2C1CB9B3001B44B5 /* Sources */,
				8744B16F2C1CB9B3001B44B5 /* Frameworks */,
				8744B1702C1CB9B3001B44B5 /* Resources */,
			);
			buildRules = (
			);
			dependencies = (
			);
			name = happiNESs;
			productName = happiNESs;
			productReference = 8744B1722C1CB9B3001B44B5 /* happiNESs.framework */;
			productType = "com.apple.product-type.framework";
		};
		8744B17B2C1CB9B3001B44B5 /* happiNESsTests */ = {
			isa = PBXNativeTarget;
			buildConfigurationList = 8744B1892C1CB9B3001B44B5 /* Build configuration list for PBXNativeTarget "happiNESsTests" */;
			buildPhases = (
				8744B1782C1CB9B3001B44B5 /* Sources */,
				8744B1792C1CB9B3001B44B5 /* Frameworks */,
				8744B17A2C1CB9B3001B44B5 /* Resources */,
			);
			buildRules = (
			);
			dependencies = (
				8744B17F2C1CB9B3001B44B5 /* PBXTargetDependency */,
			);
			name = happiNESsTests;
			productName = happiNESsTests;
			productReference = 8744B17C2C1CB9B3001B44B5 /* happiNESsTests.xctest */;
			productType = "com.apple.product-type.bundle.unit-test";
		};
/* End PBXNativeTarget section */

/* Begin PBXProject section */
		8744B1692C1CB9B3001B44B5 /* Project object */ = {
			isa = PBXProject;
			attributes = {
				BuildIndependentTargetsInParallel = 1;
				LastSwiftUpdateCheck = 1520;
				LastUpgradeCheck = 1520;
				TargetAttributes = {
					871931EC2C30BB2900A73C22 = {
						CreatedOnToolsVersion = 15.2;
					};
					8744B1712C1CB9B3001B44B5 = {
						CreatedOnToolsVersion = 15.2;
					};
					8744B17B2C1CB9B3001B44B5 = {
						CreatedOnToolsVersion = 15.2;
					};
				};
			};
			buildConfigurationList = 8744B16C2C1CB9B3001B44B5 /* Build configuration list for PBXProject "happiNESs" */;
			developmentRegion = en;
			hasScannedForEncodings = 0;
			knownRegions = (
				en,
				Base,
			);
			mainGroup = 8744B1682C1CB9B3001B44B5;
			preferredProjectObjectVersion = 56;
			productRefGroup = 8744B1732C1CB9B3001B44B5 /* Products */;
			projectDirPath = "";
			projectRoot = "";
			targets = (
				8744B1712C1CB9B3001B44B5 /* happiNESs */,
				8744B17B2C1CB9B3001B44B5 /* happiNESsTests */,
				871931EC2C30BB2900A73C22 /* happiNESsApp */,
			);
		};
/* End PBXProject section */

/* Begin PBXResourcesBuildPhase section */
		871931EB2C30BB2900A73C22 /* Resources */ = {
			isa = PBXResourcesBuildPhase;
			buildActionMask = 2147483647;
			files = (
				871931F72C30BB2C00A73C22 /* Preview Assets.xcassets in Resources */,
				878D81452C7FEE3B0076ED30 /* image.xcassets in Resources */,
				871931F42C30BB2C00A73C22 /* Assets.xcassets in Resources */,
			);
			runOnlyForDeploymentPostprocessing = 0;
		};
		8744B1702C1CB9B3001B44B5 /* Resources */ = {
			isa = PBXResourcesBuildPhase;
			buildActionMask = 2147483647;
			files = (
				878D81442C7FEE3B0076ED30 /* image.xcassets in Resources */,
			);
			runOnlyForDeploymentPostprocessing = 0;
		};
		8744B17A2C1CB9B3001B44B5 /* Resources */ = {
			isa = PBXResourcesBuildPhase;
			buildActionMask = 2147483647;
			files = (
				879F66A92D137EDB00DF8AB1 /* test_ppu_read_buffer.nes in Resources */,
				87DC936E2D28BE54008D65D2 /* apu_test.nes in Resources */,
				879F66A72D137E9D00DF8AB1 /* official_only.nes in Resources */,
				87E981582CD9A6BF0090A200 /* ppu_vbl_nmi.nes in Resources */,
				87E981562CD9A6950090A200 /* nestest.nes in Resources */,
			);
			runOnlyForDeploymentPostprocessing = 0;
		};
/* End PBXResourcesBuildPhase section */

/* Begin PBXSourcesBuildPhase section */
		871931E92C30BB2900A73C22 /* Sources */ = {
			isa = PBXSourcesBuildPhase;
			buildActionMask = 2147483647;
			files = (
				8763D06C2C39E528006C1B4F /* Screen.swift in Sources */,
				8719320C2C3366B000A73C22 /* Console.swift in Sources */,
				878A82C52D064042005E7011 /* Font+custom.swift in Sources */,
				878D81482C815E760076ED30 /* NESError.swift in Sources */,
				874F51B32CC0638500B12037 /* Speaker.swift in Sources */,
				871931F22C30BB2900A73C22 /* ContentView.swift in Sources */,
				871931F02C30BB2900A73C22 /* happiNESsApp.swift in Sources */,
			);
			runOnlyForDeploymentPostprocessing = 0;
		};
		8744B16E2C1CB9B3001B44B5 /* Sources */ = {
			isa = PBXSourcesBuildPhase;
			buildActionMask = 2147483647;
			files = (
				8763D06E2C3A340C006C1B4F /* Tracing.swift in Sources */,
				870AABDC2CB3533700E9F3B6 /* PPU+IO.swift in Sources */,
				87F234582CE8574400D2FDA6 /* FilterChain.swift in Sources */,
				870AABDE2CB36D4100E9F3B6 /* PPU+rendering.swift in Sources */,
				870AABE22CB381C100E9F3B6 /* CPU+memory.swift in Sources */,
				871F62302C62FE9E00132962 /* PPU.swift in Sources */,
				8744B1912C1CC0C4001B44B5 /* CPU.swift in Sources */,
				878DCB8D2CCAB4CC00BE7ABB /* NoiseChannel.swift in Sources */,
				871932072C30E91D00A73C22 /* NESColor.swift in Sources */,
				877AE74E2D39CF5F006B9F54 /* JoypadIndex.swift in Sources */,
				874F51A92CBEEBA700B12037 /* APU.swift in Sources */,
				875F1ED12CCC7D0000DC8B7F /* DMCChannel.swift in Sources */,
				878C69732CAA424400DA9BD4 /* Address.swift in Sources */,
				87DC936C2D248527008D65D2 /* Envelope.swift in Sources */,
				8744B18F2C1CBB46001B44B5 /* Opcode.swift in Sources */,
				874F51922CB9B51C00B12037 /* CachedSprite.swift in Sources */,
				87DC93682D2471DF008D65D2 /* LengthCounter.swift in Sources */,
				87C5B3292CD9C3C9008580A6 /* Mmc1.swift in Sources */,
				874F51AD2CBF05BC00B12037 /* Register.swift in Sources */,
				87D265152C9146F400C143B1 /* ViewPort.swift in Sources */,
				87C5B32B2CD9C3C9008580A6 /* Nrom.swift in Sources */,
				87E981532CD8B5990090A200 /* NMIDelayState.swift in Sources */,
				8744B18D2C1CB9F4001B44B5 /* AddressingMode.swift in Sources */,
				87E981472CD076660090A200 /* Mapper.swift in Sources */,
				87F234562CE856DB00D2FDA6 /* LowPassFilter.swift in Sources */,
				874F51AB2CBF036600B12037 /* RegisterBit.swift in Sources */,
				87C5B32E2CDD71D9008580A6 /* TimingMode.swift in Sources */,
				870AABE42CB382E000E9F3B6 /* CPU+execution.swift in Sources */,
				870AABE02CB37EA000E9F3B6 /* CPU+instructions.swift in Sources */,
				8771BFA82CCD62C500306E13 /* Interrupt.swift in Sources */,
				87F2345A2CE85E0100D2FDA6 /* HighPassFilter.swift in Sources */,
				87DC93702D28C367008D65D2 /* LinearCounter.swift in Sources */,
				871932102C372F6900A73C22 /* Bus.swift in Sources */,
				871932122C37985700A73C22 /* Mirroring.swift in Sources */,
				879F665B2D0FB1BC00DF8AB1 /* Interruptible.swift in Sources */,
				874F51AF2CBF10DA00B12037 /* TriangleChannel.swift in Sources */,
				871932142C3798B400A73C22 /* Cartridge.swift in Sources */,
				87D265172C9DECAF00C143B1 /* MapperNumber.swift in Sources */,
				871F62342C6541D300132962 /* UInt16+bytes.swift in Sources */,
				878D81472C815E760076ED30 /* NESError.swift in Sources */,
				870AABDA2CB34E3000E9F3B6 /* PPU+tracing.swift in Sources */,
				877E970B2C7E4716007513B5 /* JoypadStatus.swift in Sources */,
				87C5B3282CD9C3C9008580A6 /* Cnrom.swift in Sources */,
				870AABD82CB32FAA00E9F3B6 /* PPU+caching.swift in Sources */,
				87F234532CE8567F00D2FDA6 /* Filter.swift in Sources */,
				87DC936A2D247F4F008D65D2 /* Timer.swift in Sources */,
				8744B1772C1CB9B3001B44B5 /* happiNESs.docc in Sources */,
				874F51B12CC03F1500B12037 /* RegisterBitMask.swift in Sources */,
				879F66A52D125F4800DF8AB1 /* OpenBus.swift in Sources */,
				874F51B72CC1E7D800B12037 /* AudioRingBuffer.swift in Sources */,
				874F51B52CC1D05D00B12037 /* PulseChannel.swift in Sources */,
				87C5B3272CD9C3C9008580A6 /* Axrom.swift in Sources */,
				87244E592CF925DB00EC26D3 /* Mmc3.swift in Sources */,
				87C5B32A2CD9C3C9008580A6 /* Uxrom.swift in Sources */,
			);
			runOnlyForDeploymentPostprocessing = 0;
		};
		8744B1782C1CB9B3001B44B5 /* Sources */ = {
			isa = PBXSourcesBuildPhase;
			buildActionMask = 2147483647;
			files = (
				8763D06A2C39B719006C1B4F /* CartridgeTests.swift in Sources */,
				8744B1822C1CB9B3001B44B5 /* CPUTests.swift in Sources */,
				879F66C32D13C0F500DF8AB1 /* ROMTests.swift in Sources */,
				8763D0682C39B61F006C1B4F /* Helpers.swift in Sources */,
			);
			runOnlyForDeploymentPostprocessing = 0;
		};
/* End PBXSourcesBuildPhase section */

/* Begin PBXTargetDependency section */
		871932022C30C3A500A73C22 /* PBXTargetDependency */ = {
			isa = PBXTargetDependency;
			target = 8744B1712C1CB9B3001B44B5 /* happiNESs */;
			targetProxy = 871932012C30C3A500A73C22 /* PBXContainerItemProxy */;
		};
		8744B17F2C1CB9B3001B44B5 /* PBXTargetDependency */ = {
			isa = PBXTargetDependency;
			target = 8744B1712C1CB9B3001B44B5 /* happiNESs */;
			targetProxy = 8744B17E2C1CB9B3001B44B5 /* PBXContainerItemProxy */;
		};
/* End PBXTargetDependency section */

/* Begin XCBuildConfiguration section */
		871931F92C30BB2C00A73C22 /* Debug */ = {
			isa = XCBuildConfiguration;
			buildSettings = {
				ASSETCATALOG_COMPILER_APPICON_NAME = AppIcon;
				ASSETCATALOG_COMPILER_GLOBAL_ACCENT_COLOR_NAME = AccentColor;
				CODE_SIGN_ENTITLEMENTS = happiNESsApp/happiNESsApp.entitlements;
				CODE_SIGN_STYLE = Automatic;
				COMBINE_HIDPI_IMAGES = YES;
				CURRENT_PROJECT_VERSION = 1;
				DEVELOPMENT_ASSET_PATHS = "\"happiNESsApp/Preview Content\"";
				DEVELOPMENT_TEAM = GARV9392W2;
				ENABLE_HARDENED_RUNTIME = YES;
				ENABLE_PREVIEWS = YES;
				GENERATE_INFOPLIST_FILE = YES;
				INFOPLIST_FILE = happiNESsApp/Info.plist;
				INFOPLIST_KEY_NSHumanReadableCopyright = "";
				LD_RUNPATH_SEARCH_PATHS = (
					"$(inherited)",
					"@executable_path/../Frameworks",
				);
				MARKETING_VERSION = 0.8.0;
				PRODUCT_BUNDLE_IDENTIFIER = com.quephird.happiNESsApp;
				PRODUCT_MODULE_NAME = "$(TARGET_NAME:c99extidentifier)";
				PRODUCT_NAME = happiNESs;
				SWIFT_EMIT_LOC_STRINGS = YES;
				SWIFT_VERSION = 5.0;
			};
			name = Debug;
		};
		871931FA2C30BB2C00A73C22 /* Release */ = {
			isa = XCBuildConfiguration;
			buildSettings = {
				ASSETCATALOG_COMPILER_APPICON_NAME = AppIcon;
				ASSETCATALOG_COMPILER_GLOBAL_ACCENT_COLOR_NAME = AccentColor;
				CODE_SIGN_ENTITLEMENTS = happiNESsApp/happiNESsApp.entitlements;
				CODE_SIGN_STYLE = Automatic;
				COMBINE_HIDPI_IMAGES = YES;
				CURRENT_PROJECT_VERSION = 1;
				DEVELOPMENT_ASSET_PATHS = "\"happiNESsApp/Preview Content\"";
				DEVELOPMENT_TEAM = GARV9392W2;
				ENABLE_HARDENED_RUNTIME = YES;
				ENABLE_PREVIEWS = YES;
				GENERATE_INFOPLIST_FILE = YES;
				INFOPLIST_FILE = happiNESsApp/Info.plist;
				INFOPLIST_KEY_NSHumanReadableCopyright = "";
				LD_RUNPATH_SEARCH_PATHS = (
					"$(inherited)",
					"@executable_path/../Frameworks",
				);
				MARKETING_VERSION = 0.8.0;
				PRODUCT_BUNDLE_IDENTIFIER = com.quephird.happiNESsApp;
				PRODUCT_MODULE_NAME = "$(TARGET_NAME:c99extidentifier)";
				PRODUCT_NAME = happiNESs;
				SWIFT_EMIT_LOC_STRINGS = YES;
				SWIFT_VERSION = 5.0;
			};
			name = Release;
		};
		8744B1842C1CB9B3001B44B5 /* Debug */ = {
			isa = XCBuildConfiguration;
			buildSettings = {
				ALWAYS_SEARCH_USER_PATHS = NO;
				ASSETCATALOG_COMPILER_GENERATE_SWIFT_ASSET_SYMBOL_EXTENSIONS = YES;
				CLANG_ANALYZER_NONNULL = YES;
				CLANG_ANALYZER_NUMBER_OBJECT_CONVERSION = YES_AGGRESSIVE;
				CLANG_CXX_LANGUAGE_STANDARD = "gnu++20";
				CLANG_ENABLE_MODULES = YES;
				CLANG_ENABLE_OBJC_ARC = YES;
				CLANG_ENABLE_OBJC_WEAK = YES;
				CLANG_WARN_BLOCK_CAPTURE_AUTORELEASING = YES;
				CLANG_WARN_BOOL_CONVERSION = YES;
				CLANG_WARN_COMMA = YES;
				CLANG_WARN_CONSTANT_CONVERSION = YES;
				CLANG_WARN_DEPRECATED_OBJC_IMPLEMENTATIONS = YES;
				CLANG_WARN_DIRECT_OBJC_ISA_USAGE = YES_ERROR;
				CLANG_WARN_DOCUMENTATION_COMMENTS = YES;
				CLANG_WARN_EMPTY_BODY = YES;
				CLANG_WARN_ENUM_CONVERSION = YES;
				CLANG_WARN_INFINITE_RECURSION = YES;
				CLANG_WARN_INT_CONVERSION = YES;
				CLANG_WARN_NON_LITERAL_NULL_CONVERSION = YES;
				CLANG_WARN_OBJC_IMPLICIT_RETAIN_SELF = YES;
				CLANG_WARN_OBJC_LITERAL_CONVERSION = YES;
				CLANG_WARN_OBJC_ROOT_CLASS = YES_ERROR;
				CLANG_WARN_QUOTED_INCLUDE_IN_FRAMEWORK_HEADER = YES;
				CLANG_WARN_RANGE_LOOP_ANALYSIS = YES;
				CLANG_WARN_STRICT_PROTOTYPES = YES;
				CLANG_WARN_SUSPICIOUS_MOVE = YES;
				CLANG_WARN_UNGUARDED_AVAILABILITY = YES_AGGRESSIVE;
				CLANG_WARN_UNREACHABLE_CODE = YES;
				CLANG_WARN__DUPLICATE_METHOD_MATCH = YES;
				COPY_PHASE_STRIP = NO;
				CURRENT_PROJECT_VERSION = 1;
				DEBUG_INFORMATION_FORMAT = dwarf;
				ENABLE_STRICT_OBJC_MSGSEND = YES;
				ENABLE_TESTABILITY = NO;
				ENABLE_USER_SCRIPT_SANDBOXING = YES;
				GCC_C_LANGUAGE_STANDARD = gnu17;
				GCC_DYNAMIC_NO_PIC = NO;
				GCC_NO_COMMON_BLOCKS = YES;
				GCC_OPTIMIZATION_LEVEL = 0;
				GCC_PREPROCESSOR_DEFINITIONS = (
					"DEBUG=1",
					"$(inherited)",
				);
				GCC_WARN_64_TO_32_BIT_CONVERSION = YES;
				GCC_WARN_ABOUT_RETURN_TYPE = YES_ERROR;
				GCC_WARN_UNDECLARED_SELECTOR = YES;
				GCC_WARN_UNINITIALIZED_AUTOS = YES_AGGRESSIVE;
				GCC_WARN_UNUSED_FUNCTION = YES;
				GCC_WARN_UNUSED_VARIABLE = YES;
				LOCALIZATION_PREFERS_STRING_CATALOGS = YES;
				MACOSX_DEPLOYMENT_TARGET = 14.2;
				MTL_ENABLE_DEBUG_INFO = INCLUDE_SOURCE;
				MTL_FAST_MATH = YES;
				ONLY_ACTIVE_ARCH = YES;
				SDKROOT = macosx;
				SWIFT_ACTIVE_COMPILATION_CONDITIONS = "DEBUG $(inherited)";
				SWIFT_OPTIMIZATION_LEVEL = "-O";
				VERSIONING_SYSTEM = "apple-generic";
				VERSION_INFO_PREFIX = "";
			};
			name = Debug;
		};
		8744B1852C1CB9B3001B44B5 /* Release */ = {
			isa = XCBuildConfiguration;
			buildSettings = {
				ALWAYS_SEARCH_USER_PATHS = NO;
				ASSETCATALOG_COMPILER_GENERATE_SWIFT_ASSET_SYMBOL_EXTENSIONS = YES;
				CLANG_ANALYZER_NONNULL = YES;
				CLANG_ANALYZER_NUMBER_OBJECT_CONVERSION = YES_AGGRESSIVE;
				CLANG_CXX_LANGUAGE_STANDARD = "gnu++20";
				CLANG_ENABLE_MODULES = YES;
				CLANG_ENABLE_OBJC_ARC = YES;
				CLANG_ENABLE_OBJC_WEAK = YES;
				CLANG_WARN_BLOCK_CAPTURE_AUTORELEASING = YES;
				CLANG_WARN_BOOL_CONVERSION = YES;
				CLANG_WARN_COMMA = YES;
				CLANG_WARN_CONSTANT_CONVERSION = YES;
				CLANG_WARN_DEPRECATED_OBJC_IMPLEMENTATIONS = YES;
				CLANG_WARN_DIRECT_OBJC_ISA_USAGE = YES_ERROR;
				CLANG_WARN_DOCUMENTATION_COMMENTS = YES;
				CLANG_WARN_EMPTY_BODY = YES;
				CLANG_WARN_ENUM_CONVERSION = YES;
				CLANG_WARN_INFINITE_RECURSION = YES;
				CLANG_WARN_INT_CONVERSION = YES;
				CLANG_WARN_NON_LITERAL_NULL_CONVERSION = YES;
				CLANG_WARN_OBJC_IMPLICIT_RETAIN_SELF = YES;
				CLANG_WARN_OBJC_LITERAL_CONVERSION = YES;
				CLANG_WARN_OBJC_ROOT_CLASS = YES_ERROR;
				CLANG_WARN_QUOTED_INCLUDE_IN_FRAMEWORK_HEADER = YES;
				CLANG_WARN_RANGE_LOOP_ANALYSIS = YES;
				CLANG_WARN_STRICT_PROTOTYPES = YES;
				CLANG_WARN_SUSPICIOUS_MOVE = YES;
				CLANG_WARN_UNGUARDED_AVAILABILITY = YES_AGGRESSIVE;
				CLANG_WARN_UNREACHABLE_CODE = YES;
				CLANG_WARN__DUPLICATE_METHOD_MATCH = YES;
				COPY_PHASE_STRIP = NO;
				CURRENT_PROJECT_VERSION = 1;
				DEBUG_INFORMATION_FORMAT = "dwarf-with-dsym";
				ENABLE_NS_ASSERTIONS = NO;
				ENABLE_STRICT_OBJC_MSGSEND = YES;
				ENABLE_TESTABILITY = NO;
				ENABLE_USER_SCRIPT_SANDBOXING = YES;
				GCC_C_LANGUAGE_STANDARD = gnu17;
				GCC_NO_COMMON_BLOCKS = YES;
				GCC_WARN_64_TO_32_BIT_CONVERSION = YES;
				GCC_WARN_ABOUT_RETURN_TYPE = YES_ERROR;
				GCC_WARN_UNDECLARED_SELECTOR = YES;
				GCC_WARN_UNINITIALIZED_AUTOS = YES_AGGRESSIVE;
				GCC_WARN_UNUSED_FUNCTION = YES;
				GCC_WARN_UNUSED_VARIABLE = YES;
				LOCALIZATION_PREFERS_STRING_CATALOGS = YES;
				MACOSX_DEPLOYMENT_TARGET = 14.2;
				MTL_ENABLE_DEBUG_INFO = NO;
				MTL_FAST_MATH = YES;
				SDKROOT = macosx;
				SWIFT_COMPILATION_MODE = wholemodule;
				VERSIONING_SYSTEM = "apple-generic";
				VERSION_INFO_PREFIX = "";
			};
			name = Release;
		};
		8744B1872C1CB9B3001B44B5 /* Debug */ = {
			isa = XCBuildConfiguration;
			buildSettings = {
				CODE_SIGN_STYLE = Automatic;
				COMBINE_HIDPI_IMAGES = YES;
				CURRENT_PROJECT_VERSION = 1;
				DEFINES_MODULE = YES;
				DEVELOPMENT_TEAM = GARV9392W2;
				DYLIB_COMPATIBILITY_VERSION = 1;
				DYLIB_CURRENT_VERSION = 1;
				DYLIB_INSTALL_NAME_BASE = "@rpath";
				ENABLE_MODULE_VERIFIER = YES;
				GENERATE_INFOPLIST_FILE = YES;
				INFOPLIST_KEY_NSHumanReadableCopyright = "";
				INSTALL_PATH = "$(LOCAL_LIBRARY_DIR)/Frameworks";
				LD_RUNPATH_SEARCH_PATHS = (
					"$(inherited)",
					"@executable_path/../Frameworks",
					"@loader_path/Frameworks",
				);
				MARKETING_VERSION = 1.0;
				MODULE_VERIFIER_SUPPORTED_LANGUAGES = "objective-c objective-c++";
				MODULE_VERIFIER_SUPPORTED_LANGUAGE_STANDARDS = "gnu17 gnu++20";
				PRODUCT_BUNDLE_IDENTIFIER = com.quephird.happiNESs;
				PRODUCT_NAME = "$(TARGET_NAME:c99extidentifier)";
				SKIP_INSTALL = YES;
				SWIFT_EMIT_LOC_STRINGS = YES;
				SWIFT_PACKAGE_NAME = happiNESs;
				SWIFT_VERSION = 5.0;
			};
			name = Debug;
		};
		8744B1882C1CB9B3001B44B5 /* Release */ = {
			isa = XCBuildConfiguration;
			buildSettings = {
				CODE_SIGN_STYLE = Automatic;
				COMBINE_HIDPI_IMAGES = YES;
				CURRENT_PROJECT_VERSION = 1;
				DEFINES_MODULE = YES;
				DEVELOPMENT_TEAM = GARV9392W2;
				DYLIB_COMPATIBILITY_VERSION = 1;
				DYLIB_CURRENT_VERSION = 1;
				DYLIB_INSTALL_NAME_BASE = "@rpath";
				ENABLE_MODULE_VERIFIER = YES;
				GENERATE_INFOPLIST_FILE = YES;
				INFOPLIST_KEY_NSHumanReadableCopyright = "";
				INSTALL_PATH = "$(LOCAL_LIBRARY_DIR)/Frameworks";
				LD_RUNPATH_SEARCH_PATHS = (
					"$(inherited)",
					"@executable_path/../Frameworks",
					"@loader_path/Frameworks",
				);
				MARKETING_VERSION = 1.0;
				MODULE_VERIFIER_SUPPORTED_LANGUAGES = "objective-c objective-c++";
				MODULE_VERIFIER_SUPPORTED_LANGUAGE_STANDARDS = "gnu17 gnu++20";
				PRODUCT_BUNDLE_IDENTIFIER = com.quephird.happiNESs;
				PRODUCT_NAME = "$(TARGET_NAME:c99extidentifier)";
				SKIP_INSTALL = YES;
				SWIFT_EMIT_LOC_STRINGS = YES;
				SWIFT_PACKAGE_NAME = happiNESs;
				SWIFT_VERSION = 5.0;
			};
			name = Release;
		};
		8744B18A2C1CB9B3001B44B5 /* Debug */ = {
			isa = XCBuildConfiguration;
			buildSettings = {
				ALWAYS_EMBED_SWIFT_STANDARD_LIBRARIES = YES;
				CODE_SIGN_STYLE = Automatic;
				CURRENT_PROJECT_VERSION = 1;
				DEVELOPMENT_TEAM = GARV9392W2;
				GENERATE_INFOPLIST_FILE = YES;
				MARKETING_VERSION = 1.0;
				PRODUCT_BUNDLE_IDENTIFIER = com.quephird.happiNESsTests;
				PRODUCT_NAME = "$(TARGET_NAME)";
				SWIFT_EMIT_LOC_STRINGS = NO;
				SWIFT_PACKAGE_NAME = happiNESs;
				SWIFT_VERSION = 5.0;
			};
			name = Debug;
		};
		8744B18B2C1CB9B3001B44B5 /* Release */ = {
			isa = XCBuildConfiguration;
			buildSettings = {
				ALWAYS_EMBED_SWIFT_STANDARD_LIBRARIES = YES;
				CODE_SIGN_STYLE = Automatic;
				CURRENT_PROJECT_VERSION = 1;
				DEVELOPMENT_TEAM = GARV9392W2;
				GENERATE_INFOPLIST_FILE = YES;
				MARKETING_VERSION = 1.0;
				PRODUCT_BUNDLE_IDENTIFIER = com.quephird.happiNESsTests;
				PRODUCT_NAME = "$(TARGET_NAME)";
				SWIFT_EMIT_LOC_STRINGS = NO;
				SWIFT_PACKAGE_NAME = happiNESs;
				SWIFT_VERSION = 5.0;
			};
			name = Release;
		};
/* End XCBuildConfiguration section */

/* Begin XCConfigurationList section */
		871931FB2C30BB2C00A73C22 /* Build configuration list for PBXNativeTarget "happiNESsApp" */ = {
			isa = XCConfigurationList;
			buildConfigurations = (
				871931F92C30BB2C00A73C22 /* Debug */,
				871931FA2C30BB2C00A73C22 /* Release */,
			);
			defaultConfigurationIsVisible = 0;
			defaultConfigurationName = Release;
		};
		8744B16C2C1CB9B3001B44B5 /* Build configuration list for PBXProject "happiNESs" */ = {
			isa = XCConfigurationList;
			buildConfigurations = (
				8744B1842C1CB9B3001B44B5 /* Debug */,
				8744B1852C1CB9B3001B44B5 /* Release */,
			);
			defaultConfigurationIsVisible = 0;
			defaultConfigurationName = Release;
		};
		8744B1862C1CB9B3001B44B5 /* Build configuration list for PBXNativeTarget "happiNESs" */ = {
			isa = XCConfigurationList;
			buildConfigurations = (
				8744B1872C1CB9B3001B44B5 /* Debug */,
				8744B1882C1CB9B3001B44B5 /* Release */,
			);
			defaultConfigurationIsVisible = 0;
			defaultConfigurationName = Release;
		};
		8744B1892C1CB9B3001B44B5 /* Build configuration list for PBXNativeTarget "happiNESsTests" */ = {
			isa = XCConfigurationList;
			buildConfigurations = (
				8744B18A2C1CB9B3001B44B5 /* Debug */,
				8744B18B2C1CB9B3001B44B5 /* Release */,
			);
			defaultConfigurationIsVisible = 0;
			defaultConfigurationName = Release;
		};
/* End XCConfigurationList section */
	};
	rootObject = 8744B1692C1CB9B3001B44B5 /* Project object */;
}
