// !$*UTF8*$!
{
	archiveVersion = 1;
	classes = {
	};
	objectVersion = 56;
	objects = {

/* Begin PBXBuildFile section */
		87184D052C7028F10003D090 /* PPUStatusRegister.swift in Sources */ = {isa = PBXBuildFile; fileRef = 87184D042C7028F10003D090 /* PPUStatusRegister.swift */; };
		87184D0A2C7511F90003D090 /* MaskRegister.swift in Sources */ = {isa = PBXBuildFile; fileRef = 87184D092C7511F90003D090 /* MaskRegister.swift */; };
		87184D0E2C756BEB0003D090 /* OAMRegister.swift in Sources */ = {isa = PBXBuildFile; fileRef = 87184D0D2C756BEB0003D090 /* OAMRegister.swift */; };
		871931F02C30BB2900A73C22 /* happiNESsApp.swift in Sources */ = {isa = PBXBuildFile; fileRef = 871931EF2C30BB2900A73C22 /* happiNESsApp.swift */; };
		871931F22C30BB2900A73C22 /* ContentView.swift in Sources */ = {isa = PBXBuildFile; fileRef = 871931F12C30BB2900A73C22 /* ContentView.swift */; };
		871931F42C30BB2C00A73C22 /* Assets.xcassets in Resources */ = {isa = PBXBuildFile; fileRef = 871931F32C30BB2C00A73C22 /* Assets.xcassets */; };
		871931F72C30BB2C00A73C22 /* Preview Assets.xcassets in Resources */ = {isa = PBXBuildFile; fileRef = 871931F62C30BB2C00A73C22 /* Preview Assets.xcassets */; };
		871931FF2C30C3A500A73C22 /* happiNESs.framework in Frameworks */ = {isa = PBXBuildFile; fileRef = 8744B1722C1CB9B3001B44B5 /* happiNESs.framework */; };
		871932002C30C3A500A73C22 /* happiNESs.framework in Embed Frameworks */ = {isa = PBXBuildFile; fileRef = 8744B1722C1CB9B3001B44B5 /* happiNESs.framework */; settings = {ATTRIBUTES = (CodeSignOnCopy, RemoveHeadersOnCopy, ); }; };
		871932052C30C6DC00A73C22 /* JoypadButton.swift in Sources */ = {isa = PBXBuildFile; fileRef = 871932042C30C6DC00A73C22 /* JoypadButton.swift */; };
		871932072C30E91D00A73C22 /* NESColor.swift in Sources */ = {isa = PBXBuildFile; fileRef = 871932062C30E91D00A73C22 /* NESColor.swift */; };
		8719320C2C3366B000A73C22 /* Console.swift in Sources */ = {isa = PBXBuildFile; fileRef = 8719320A2C3366A900A73C22 /* Console.swift */; };
		871932102C372F6900A73C22 /* Bus.swift in Sources */ = {isa = PBXBuildFile; fileRef = 8719320F2C372F6900A73C22 /* Bus.swift */; };
		871932122C37985700A73C22 /* Mirroring.swift in Sources */ = {isa = PBXBuildFile; fileRef = 871932112C37985700A73C22 /* Mirroring.swift */; };
		871932142C3798B400A73C22 /* Cartridge.swift in Sources */ = {isa = PBXBuildFile; fileRef = 871932132C3798B400A73C22 /* Cartridge.swift */; };
		871F622D2C5C3C8A00132962 /* nestest.nes in Resources */ = {isa = PBXBuildFile; fileRef = 871F622C2C5C3C8900132962 /* nestest.nes */; };
		871F622E2C5C3C8A00132962 /* nestest.nes in Resources */ = {isa = PBXBuildFile; fileRef = 871F622C2C5C3C8900132962 /* nestest.nes */; };
		871F62302C62FE9E00132962 /* PPU.swift in Sources */ = {isa = PBXBuildFile; fileRef = 871F622F2C62FE9E00132962 /* PPU.swift */; };
		871F62342C6541D300132962 /* UInt16+bytes.swift in Sources */ = {isa = PBXBuildFile; fileRef = 871F62332C6541D300132962 /* UInt16+bytes.swift */; };
		871F62362C65631F00132962 /* ControllerRegister.swift in Sources */ = {isa = PBXBuildFile; fileRef = 871F62352C65631F00132962 /* ControllerRegister.swift */; };
		8744B1772C1CB9B3001B44B5 /* happiNESs.docc in Sources */ = {isa = PBXBuildFile; fileRef = 8744B1762C1CB9B3001B44B5 /* happiNESs.docc */; };
		8744B17D2C1CB9B3001B44B5 /* happiNESs.framework in Frameworks */ = {isa = PBXBuildFile; fileRef = 8744B1722C1CB9B3001B44B5 /* happiNESs.framework */; };
		8744B1822C1CB9B3001B44B5 /* CPUTests.swift in Sources */ = {isa = PBXBuildFile; fileRef = 8744B1812C1CB9B3001B44B5 /* CPUTests.swift */; };
		8744B1832C1CB9B3001B44B5 /* happiNESs.h in Headers */ = {isa = PBXBuildFile; fileRef = 8744B1752C1CB9B3001B44B5 /* happiNESs.h */; settings = {ATTRIBUTES = (Public, ); }; };
		8744B18D2C1CB9F4001B44B5 /* AddressingMode.swift in Sources */ = {isa = PBXBuildFile; fileRef = 8744B18C2C1CB9F4001B44B5 /* AddressingMode.swift */; };
		8744B18F2C1CBB46001B44B5 /* Opcode.swift in Sources */ = {isa = PBXBuildFile; fileRef = 8744B18E2C1CBB46001B44B5 /* Opcode.swift */; };
		8744B1912C1CC0C4001B44B5 /* CPU.swift in Sources */ = {isa = PBXBuildFile; fileRef = 8744B1902C1CC0C4001B44B5 /* CPU.swift */; };
		8744B1932C1D6D59001B44B5 /* StatusRegister.swift in Sources */ = {isa = PBXBuildFile; fileRef = 8744B1922C1D6D59001B44B5 /* StatusRegister.swift */; };
		8763D0652C386A17006C1B4F /* snake.nes in Resources */ = {isa = PBXBuildFile; fileRef = 8763D0642C386A17006C1B4F /* snake.nes */; };
		8763D0662C386A2E006C1B4F /* snake.nes in Resources */ = {isa = PBXBuildFile; fileRef = 8763D0642C386A17006C1B4F /* snake.nes */; };
		8763D0682C39B61F006C1B4F /* Helpers.swift in Sources */ = {isa = PBXBuildFile; fileRef = 8763D0672C39B61F006C1B4F /* Helpers.swift */; };
		8763D06A2C39B719006C1B4F /* RomTests.swift in Sources */ = {isa = PBXBuildFile; fileRef = 8763D0692C39B719006C1B4F /* RomTests.swift */; };
		8763D06C2C39E528006C1B4F /* Screen.swift in Sources */ = {isa = PBXBuildFile; fileRef = 8763D06B2C39E528006C1B4F /* Screen.swift */; };
		8763D06E2C3A340C006C1B4F /* Tracing.swift in Sources */ = {isa = PBXBuildFile; fileRef = 8763D06D2C3A340C006C1B4F /* Tracing.swift */; };
		877E970B2C7E4716007513B5 /* Joypad.swift in Sources */ = {isa = PBXBuildFile; fileRef = 877E970A2C7E4716007513B5 /* Joypad.swift */; };
		878C69732CAA424400DA9BD4 /* Address.swift in Sources */ = {isa = PBXBuildFile; fileRef = 878C69722CAA424400DA9BD4 /* Address.swift */; };
		878D81442C7FEE3B0076ED30 /* image.xcassets in Resources */ = {isa = PBXBuildFile; fileRef = 878D81432C7FEE3B0076ED30 /* image.xcassets */; };
		878D81452C7FEE3B0076ED30 /* image.xcassets in Resources */ = {isa = PBXBuildFile; fileRef = 878D81432C7FEE3B0076ED30 /* image.xcassets */; };
		878D81472C815E760076ED30 /* NESError.swift in Sources */ = {isa = PBXBuildFile; fileRef = 878D81462C815E760076ED30 /* NESError.swift */; };
		878D81482C815E760076ED30 /* NESError.swift in Sources */ = {isa = PBXBuildFile; fileRef = 878D81462C815E760076ED30 /* NESError.swift */; };
		87D265152C9146F400C143B1 /* ViewPort.swift in Sources */ = {isa = PBXBuildFile; fileRef = 87D265142C9146F400C143B1 /* ViewPort.swift */; };
		87D265172C9DECAF00C143B1 /* Mapper.swift in Sources */ = {isa = PBXBuildFile; fileRef = 87D265162C9DECAF00C143B1 /* Mapper.swift */; };
/* End PBXBuildFile section */

/* Begin PBXContainerItemProxy section */
		871932012C30C3A500A73C22 /* PBXContainerItemProxy */ = {
			isa = PBXContainerItemProxy;
			containerPortal = 8744B1692C1CB9B3001B44B5 /* Project object */;
			proxyType = 1;
			remoteGlobalIDString = 8744B1712C1CB9B3001B44B5;
			remoteInfo = happiNESs;
		};
		8744B17E2C1CB9B3001B44B5 /* PBXContainerItemProxy */ = {
			isa = PBXContainerItemProxy;
			containerPortal = 8744B1692C1CB9B3001B44B5 /* Project object */;
			proxyType = 1;
			remoteGlobalIDString = 8744B1712C1CB9B3001B44B5;
			remoteInfo = happiNESs;
		};
/* End PBXContainerItemProxy section */

/* Begin PBXCopyFilesBuildPhase section */
		871932032C30C3A600A73C22 /* Embed Frameworks */ = {
			isa = PBXCopyFilesBuildPhase;
			buildActionMask = 2147483647;
			dstPath = "";
			dstSubfolderSpec = 10;
			files = (
				871932002C30C3A500A73C22 /* happiNESs.framework in Embed Frameworks */,
			);
			name = "Embed Frameworks";
			runOnlyForDeploymentPostprocessing = 0;
		};
/* End PBXCopyFilesBuildPhase section */

/* Begin PBXFileReference section */
		8709FF122C7FB36700EDF82F /* Info.plist */ = {isa = PBXFileReference; lastKnownFileType = text.plist; path = Info.plist; sourceTree = "<group>"; };
		87184D042C7028F10003D090 /* PPUStatusRegister.swift */ = {isa = PBXFileReference; lastKnownFileType = sourcecode.swift; path = PPUStatusRegister.swift; sourceTree = "<group>"; };
		87184D092C7511F90003D090 /* MaskRegister.swift */ = {isa = PBXFileReference; lastKnownFileType = sourcecode.swift; path = MaskRegister.swift; sourceTree = "<group>"; };
		87184D0D2C756BEB0003D090 /* OAMRegister.swift */ = {isa = PBXFileReference; lastKnownFileType = sourcecode.swift; path = OAMRegister.swift; sourceTree = "<group>"; };
		871931ED2C30BB2900A73C22 /* happiNESsApp.app */ = {isa = PBXFileReference; explicitFileType = wrapper.application; includeInIndex = 0; path = happiNESsApp.app; sourceTree = BUILT_PRODUCTS_DIR; };
		871931EF2C30BB2900A73C22 /* happiNESsApp.swift */ = {isa = PBXFileReference; lastKnownFileType = sourcecode.swift; path = happiNESsApp.swift; sourceTree = "<group>"; };
		871931F12C30BB2900A73C22 /* ContentView.swift */ = {isa = PBXFileReference; lastKnownFileType = sourcecode.swift; path = ContentView.swift; sourceTree = "<group>"; };
		871931F32C30BB2C00A73C22 /* Assets.xcassets */ = {isa = PBXFileReference; lastKnownFileType = folder.assetcatalog; path = Assets.xcassets; sourceTree = "<group>"; };
		871931F62C30BB2C00A73C22 /* Preview Assets.xcassets */ = {isa = PBXFileReference; lastKnownFileType = folder.assetcatalog; path = "Preview Assets.xcassets"; sourceTree = "<group>"; };
		871931F82C30BB2C00A73C22 /* happiNESsApp.entitlements */ = {isa = PBXFileReference; lastKnownFileType = text.plist.entitlements; path = happiNESsApp.entitlements; sourceTree = "<group>"; };
		871932042C30C6DC00A73C22 /* JoypadButton.swift */ = {isa = PBXFileReference; lastKnownFileType = sourcecode.swift; path = JoypadButton.swift; sourceTree = "<group>"; };
		871932062C30E91D00A73C22 /* NESColor.swift */ = {isa = PBXFileReference; lastKnownFileType = sourcecode.swift; path = NESColor.swift; sourceTree = "<group>"; };
		8719320A2C3366A900A73C22 /* Console.swift */ = {isa = PBXFileReference; fileEncoding = 4; lastKnownFileType = sourcecode.swift; name = Console.swift; path = happiNESsApp/Console.swift; sourceTree = SOURCE_ROOT; };
		8719320F2C372F6900A73C22 /* Bus.swift */ = {isa = PBXFileReference; lastKnownFileType = sourcecode.swift; path = Bus.swift; sourceTree = "<group>"; };
		871932112C37985700A73C22 /* Mirroring.swift */ = {isa = PBXFileReference; lastKnownFileType = sourcecode.swift; path = Mirroring.swift; sourceTree = "<group>"; };
		871932132C3798B400A73C22 /* Cartridge.swift */ = {isa = PBXFileReference; lastKnownFileType = sourcecode.swift; path = Cartridge.swift; sourceTree = "<group>"; };
		871F622C2C5C3C8900132962 /* nestest.nes */ = {isa = PBXFileReference; lastKnownFileType = file; path = nestest.nes; sourceTree = "<group>"; };
		871F622F2C62FE9E00132962 /* PPU.swift */ = {isa = PBXFileReference; lastKnownFileType = sourcecode.swift; path = PPU.swift; sourceTree = "<group>"; };
		871F62332C6541D300132962 /* UInt16+bytes.swift */ = {isa = PBXFileReference; lastKnownFileType = sourcecode.swift; path = "UInt16+bytes.swift"; sourceTree = "<group>"; };
		871F62352C65631F00132962 /* ControllerRegister.swift */ = {isa = PBXFileReference; lastKnownFileType = sourcecode.swift; path = ControllerRegister.swift; sourceTree = "<group>"; };
		8744B1722C1CB9B3001B44B5 /* happiNESs.framework */ = {isa = PBXFileReference; explicitFileType = wrapper.framework; includeInIndex = 0; path = happiNESs.framework; sourceTree = BUILT_PRODUCTS_DIR; };
		8744B1752C1CB9B3001B44B5 /* happiNESs.h */ = {isa = PBXFileReference; lastKnownFileType = sourcecode.c.h; path = happiNESs.h; sourceTree = "<group>"; };
		8744B1762C1CB9B3001B44B5 /* happiNESs.docc */ = {isa = PBXFileReference; lastKnownFileType = folder.documentationcatalog; path = happiNESs.docc; sourceTree = "<group>"; };
		8744B17C2C1CB9B3001B44B5 /* happiNESsTests.xctest */ = {isa = PBXFileReference; explicitFileType = wrapper.cfbundle; includeInIndex = 0; path = happiNESsTests.xctest; sourceTree = BUILT_PRODUCTS_DIR; };
		8744B1812C1CB9B3001B44B5 /* CPUTests.swift */ = {isa = PBXFileReference; lastKnownFileType = sourcecode.swift; path = CPUTests.swift; sourceTree = "<group>"; };
		8744B18C2C1CB9F4001B44B5 /* AddressingMode.swift */ = {isa = PBXFileReference; lastKnownFileType = sourcecode.swift; path = AddressingMode.swift; sourceTree = "<group>"; };
		8744B18E2C1CBB46001B44B5 /* Opcode.swift */ = {isa = PBXFileReference; lastKnownFileType = sourcecode.swift; path = Opcode.swift; sourceTree = "<group>"; };
		8744B1902C1CC0C4001B44B5 /* CPU.swift */ = {isa = PBXFileReference; lastKnownFileType = sourcecode.swift; path = CPU.swift; sourceTree = "<group>"; };
		8744B1922C1D6D59001B44B5 /* StatusRegister.swift */ = {isa = PBXFileReference; lastKnownFileType = sourcecode.swift; path = StatusRegister.swift; sourceTree = "<group>"; };
		8763D0642C386A17006C1B4F /* snake.nes */ = {isa = PBXFileReference; lastKnownFileType = file; path = snake.nes; sourceTree = "<group>"; };
		8763D0672C39B61F006C1B4F /* Helpers.swift */ = {isa = PBXFileReference; lastKnownFileType = sourcecode.swift; path = Helpers.swift; sourceTree = "<group>"; };
		8763D0692C39B719006C1B4F /* RomTests.swift */ = {isa = PBXFileReference; lastKnownFileType = sourcecode.swift; path = RomTests.swift; sourceTree = "<group>"; };
		8763D06B2C39E528006C1B4F /* Screen.swift */ = {isa = PBXFileReference; lastKnownFileType = sourcecode.swift; path = Screen.swift; sourceTree = "<group>"; };
		8763D06D2C3A340C006C1B4F /* Tracing.swift */ = {isa = PBXFileReference; lastKnownFileType = sourcecode.swift; path = Tracing.swift; sourceTree = "<group>"; };
		877E970A2C7E4716007513B5 /* Joypad.swift */ = {isa = PBXFileReference; lastKnownFileType = sourcecode.swift; path = Joypad.swift; sourceTree = "<group>"; };
		878C69722CAA424400DA9BD4 /* Address.swift */ = {isa = PBXFileReference; lastKnownFileType = sourcecode.swift; path = Address.swift; sourceTree = "<group>"; };
		878D81432C7FEE3B0076ED30 /* image.xcassets */ = {isa = PBXFileReference; lastKnownFileType = folder.assetcatalog; path = image.xcassets; sourceTree = "<group>"; };
		878D81462C815E760076ED30 /* NESError.swift */ = {isa = PBXFileReference; lastKnownFileType = sourcecode.swift; path = NESError.swift; sourceTree = "<group>"; };
		87D265142C9146F400C143B1 /* ViewPort.swift */ = {isa = PBXFileReference; lastKnownFileType = sourcecode.swift; path = ViewPort.swift; sourceTree = "<group>"; };
		87D265162C9DECAF00C143B1 /* Mapper.swift */ = {isa = PBXFileReference; lastKnownFileType = sourcecode.swift; path = Mapper.swift; sourceTree = "<group>"; };
/* End PBXFileReference section */

/* Begin PBXFrameworksBuildPhase section */
		871931EA2C30BB2900A73C22 /* Frameworks */ = {
			isa = PBXFrameworksBuildPhase;
			buildActionMask = 2147483647;
			files = (
				871931FF2C30C3A500A73C22 /* happiNESs.framework in Frameworks */,
			);
			runOnlyForDeploymentPostprocessing = 0;
		};
		8744B16F2C1CB9B3001B44B5 /* Frameworks */ = {
			isa = PBXFrameworksBuildPhase;
			buildActionMask = 2147483647;
			files = (
			);
			runOnlyForDeploymentPostprocessing = 0;
		};
		8744B1792C1CB9B3001B44B5 /* Frameworks */ = {
			isa = PBXFrameworksBuildPhase;
			buildActionMask = 2147483647;
			files = (
				8744B17D2C1CB9B3001B44B5 /* happiNESs.framework in Frameworks */,
			);
			runOnlyForDeploymentPostprocessing = 0;
		};
/* End PBXFrameworksBuildPhase section */

/* Begin PBXGroup section */
		871931EE2C30BB2900A73C22 /* happiNESsApp */ = {
			isa = PBXGroup;
			children = (
				8709FF122C7FB36700EDF82F /* Info.plist */,
				871931EF2C30BB2900A73C22 /* happiNESsApp.swift */,
				8719320A2C3366A900A73C22 /* Console.swift */,
				871931F12C30BB2900A73C22 /* ContentView.swift */,
				8763D06B2C39E528006C1B4F /* Screen.swift */,
				871931F32C30BB2C00A73C22 /* Assets.xcassets */,
				871931F82C30BB2C00A73C22 /* happiNESsApp.entitlements */,
				871931F52C30BB2C00A73C22 /* Preview Content */,
			);
			path = happiNESsApp;
			sourceTree = "<group>";
		};
		871931F52C30BB2C00A73C22 /* Preview Content */ = {
			isa = PBXGroup;
			children = (
				871931F62C30BB2C00A73C22 /* Preview Assets.xcassets */,
			);
			path = "Preview Content";
			sourceTree = "<group>";
		};
		871931FE2C30C3A500A73C22 /* Frameworks */ = {
			isa = PBXGroup;
			children = (
			);
			name = Frameworks;
			sourceTree = "<group>";
		};
		8744B1682C1CB9B3001B44B5 = {
			isa = PBXGroup;
			children = (
				878D81432C7FEE3B0076ED30 /* image.xcassets */,
				871F622C2C5C3C8900132962 /* nestest.nes */,
				8763D0642C386A17006C1B4F /* snake.nes */,
				8744B1742C1CB9B3001B44B5 /* happiNESs */,
				8744B1802C1CB9B3001B44B5 /* happiNESsTests */,
				871931EE2C30BB2900A73C22 /* happiNESsApp */,
				8744B1732C1CB9B3001B44B5 /* Products */,
				871931FE2C30C3A500A73C22 /* Frameworks */,
			);
			sourceTree = "<group>";
		};
		8744B1732C1CB9B3001B44B5 /* Products */ = {
			isa = PBXGroup;
			children = (
				8744B1722C1CB9B3001B44B5 /* happiNESs.framework */,
				8744B17C2C1CB9B3001B44B5 /* happiNESsTests.xctest */,
				871931ED2C30BB2900A73C22 /* happiNESsApp.app */,
			);
			name = Products;
			sourceTree = "<group>";
		};
		8744B1742C1CB9B3001B44B5 /* happiNESs */ = {
			isa = PBXGroup;
			children = (
				8744B1752C1CB9B3001B44B5 /* happiNESs.h */,
				8744B1762C1CB9B3001B44B5 /* happiNESs.docc */,
				878C69722CAA424400DA9BD4 /* Address.swift */,
				8744B18C2C1CB9F4001B44B5 /* AddressingMode.swift */,
				8719320F2C372F6900A73C22 /* Bus.swift */,
				871932132C3798B400A73C22 /* Cartridge.swift */,
				871F62352C65631F00132962 /* ControllerRegister.swift */,
				8744B1902C1CC0C4001B44B5 /* CPU.swift */,
				877E970A2C7E4716007513B5 /* Joypad.swift */,
				871932042C30C6DC00A73C22 /* JoypadButton.swift */,
				87D265162C9DECAF00C143B1 /* Mapper.swift */,
				87184D092C7511F90003D090 /* MaskRegister.swift */,
				871932112C37985700A73C22 /* Mirroring.swift */,
				871932062C30E91D00A73C22 /* NESColor.swift */,
				878D81462C815E760076ED30 /* NESError.swift */,
				87184D0D2C756BEB0003D090 /* OAMRegister.swift */,
				8744B18E2C1CBB46001B44B5 /* Opcode.swift */,
				871F622F2C62FE9E00132962 /* PPU.swift */,
				87184D042C7028F10003D090 /* PPUStatusRegister.swift */,
				8744B1922C1D6D59001B44B5 /* StatusRegister.swift */,
				8763D06D2C3A340C006C1B4F /* Tracing.swift */,
				871F62332C6541D300132962 /* UInt16+bytes.swift */,
				87D265142C9146F400C143B1 /* ViewPort.swift */,
			);
			path = happiNESs;
			sourceTree = "<group>";
		};
		8744B1802C1CB9B3001B44B5 /* happiNESsTests */ = {
			isa = PBXGroup;
			children = (
				8744B1812C1CB9B3001B44B5 /* CPUTests.swift */,
				8763D0672C39B61F006C1B4F /* Helpers.swift */,
				8763D0692C39B719006C1B4F /* RomTests.swift */,
			);
			path = happiNESsTests;
			sourceTree = "<group>";
		};
/* End PBXGroup section */

/* Begin PBXHeadersBuildPhase section */
		8744B16D2C1CB9B3001B44B5 /* Headers */ = {
			isa = PBXHeadersBuildPhase;
			buildActionMask = 2147483647;
			files = (
				8744B1832C1CB9B3001B44B5 /* happiNESs.h in Headers */,
			);
			runOnlyForDeploymentPostprocessing = 0;
		};
/* End PBXHeadersBuildPhase section */

/* Begin PBXNativeTarget section */
		871931EC2C30BB2900A73C22 /* happiNESsApp */ = {
			isa = PBXNativeTarget;
			buildConfigurationList = 871931FB2C30BB2C00A73C22 /* Build configuration list for PBXNativeTarget "happiNESsApp" */;
			buildPhases = (
				871931E92C30BB2900A73C22 /* Sources */,
				871931EA2C30BB2900A73C22 /* Frameworks */,
				871931EB2C30BB2900A73C22 /* Resources */,
				871932032C30C3A600A73C22 /* Embed Frameworks */,
			);
			buildRules = (
			);
			dependencies = (
				871932022C30C3A500A73C22 /* PBXTargetDependency */,
			);
			name = happiNESsApp;
			productName = happiNESsApp;
			productReference = 871931ED2C30BB2900A73C22 /* happiNESsApp.app */;
			productType = "com.apple.product-type.application";
		};
		8744B1712C1CB9B3001B44B5 /* happiNESs */ = {
			isa = PBXNativeTarget;
			buildConfigurationList = 8744B1862C1CB9B3001B44B5 /* Build configuration list for PBXNativeTarget "happiNESs" */;
			buildPhases = (
				8744B16D2C1CB9B3001B44B5 /* Headers */,
				8744B16E2C1CB9B3001B44B5 /* Sources */,
				8744B16F2C1CB9B3001B44B5 /* Frameworks */,
				8744B1702C1CB9B3001B44B5 /* Resources */,
			);
			buildRules = (
			);
			dependencies = (
			);
			name = happiNESs;
			productName = happiNESs;
			productReference = 8744B1722C1CB9B3001B44B5 /* happiNESs.framework */;
			productType = "com.apple.product-type.framework";
		};
		8744B17B2C1CB9B3001B44B5 /* happiNESsTests */ = {
			isa = PBXNativeTarget;
			buildConfigurationList = 8744B1892C1CB9B3001B44B5 /* Build configuration list for PBXNativeTarget "happiNESsTests" */;
			buildPhases = (
				8744B1782C1CB9B3001B44B5 /* Sources */,
				8744B1792C1CB9B3001B44B5 /* Frameworks */,
				8744B17A2C1CB9B3001B44B5 /* Resources */,
			);
			buildRules = (
			);
			dependencies = (
				8744B17F2C1CB9B3001B44B5 /* PBXTargetDependency */,
			);
			name = happiNESsTests;
			productName = happiNESsTests;
			productReference = 8744B17C2C1CB9B3001B44B5 /* happiNESsTests.xctest */;
			productType = "com.apple.product-type.bundle.unit-test";
		};
/* End PBXNativeTarget section */

/* Begin PBXProject section */
		8744B1692C1CB9B3001B44B5 /* Project object */ = {
			isa = PBXProject;
			attributes = {
				BuildIndependentTargetsInParallel = 1;
				LastSwiftUpdateCheck = 1520;
				LastUpgradeCheck = 1520;
				TargetAttributes = {
					871931EC2C30BB2900A73C22 = {
						CreatedOnToolsVersion = 15.2;
					};
					8744B1712C1CB9B3001B44B5 = {
						CreatedOnToolsVersion = 15.2;
					};
					8744B17B2C1CB9B3001B44B5 = {
						CreatedOnToolsVersion = 15.2;
					};
				};
			};
			buildConfigurationList = 8744B16C2C1CB9B3001B44B5 /* Build configuration list for PBXProject "happiNESs" */;
			compatibilityVersion = "Xcode 14.0";
			developmentRegion = en;
			hasScannedForEncodings = 0;
			knownRegions = (
				en,
				Base,
			);
			mainGroup = 8744B1682C1CB9B3001B44B5;
			productRefGroup = 8744B1732C1CB9B3001B44B5 /* Products */;
			projectDirPath = "";
			projectRoot = "";
			targets = (
				8744B1712C1CB9B3001B44B5 /* happiNESs */,
				8744B17B2C1CB9B3001B44B5 /* happiNESsTests */,
				871931EC2C30BB2900A73C22 /* happiNESsApp */,
			);
		};
/* End PBXProject section */

/* Begin PBXResourcesBuildPhase section */
		871931EB2C30BB2900A73C22 /* Resources */ = {
			isa = PBXResourcesBuildPhase;
			buildActionMask = 2147483647;
			files = (
				871931F72C30BB2C00A73C22 /* Preview Assets.xcassets in Resources */,
				871F622E2C5C3C8A00132962 /* nestest.nes in Resources */,
				878D81452C7FEE3B0076ED30 /* image.xcassets in Resources */,
				8763D0662C386A2E006C1B4F /* snake.nes in Resources */,
				871931F42C30BB2C00A73C22 /* Assets.xcassets in Resources */,
			);
			runOnlyForDeploymentPostprocessing = 0;
		};
		8744B1702C1CB9B3001B44B5 /* Resources */ = {
			isa = PBXResourcesBuildPhase;
			buildActionMask = 2147483647;
			files = (
				8763D0652C386A17006C1B4F /* snake.nes in Resources */,
				878D81442C7FEE3B0076ED30 /* image.xcassets in Resources */,
				871F622D2C5C3C8A00132962 /* nestest.nes in Resources */,
			);
			runOnlyForDeploymentPostprocessing = 0;
		};
		8744B17A2C1CB9B3001B44B5 /* Resources */ = {
			isa = PBXResourcesBuildPhase;
			buildActionMask = 2147483647;
			files = (
			);
			runOnlyForDeploymentPostprocessing = 0;
		};
/* End PBXResourcesBuildPhase section */

/* Begin PBXSourcesBuildPhase section */
		871931E92C30BB2900A73C22 /* Sources */ = {
			isa = PBXSourcesBuildPhase;
			buildActionMask = 2147483647;
			files = (
				8763D06C2C39E528006C1B4F /* Screen.swift in Sources */,
				8719320C2C3366B000A73C22 /* Console.swift in Sources */,
				878D81482C815E760076ED30 /* NESError.swift in Sources */,
				871931F22C30BB2900A73C22 /* ContentView.swift in Sources */,
				871931F02C30BB2900A73C22 /* happiNESsApp.swift in Sources */,
			);
			runOnlyForDeploymentPostprocessing = 0;
		};
		8744B16E2C1CB9B3001B44B5 /* Sources */ = {
			isa = PBXSourcesBuildPhase;
			buildActionMask = 2147483647;
			files = (
				8763D06E2C3A340C006C1B4F /* Tracing.swift in Sources */,
				871F62302C62FE9E00132962 /* PPU.swift in Sources */,
				8744B1912C1CC0C4001B44B5 /* CPU.swift in Sources */,
				871F62362C65631F00132962 /* ControllerRegister.swift in Sources */,
				871932072C30E91D00A73C22 /* NESColor.swift in Sources */,
				878C69732CAA424400DA9BD4 /* Address.swift in Sources */,
				8744B18F2C1CBB46001B44B5 /* Opcode.swift in Sources */,
				87D265152C9146F400C143B1 /* ViewPort.swift in Sources */,
				871932052C30C6DC00A73C22 /* JoypadButton.swift in Sources */,
				8744B1932C1D6D59001B44B5 /* StatusRegister.swift in Sources */,
				8744B18D2C1CB9F4001B44B5 /* AddressingMode.swift in Sources */,
				87184D052C7028F10003D090 /* PPUStatusRegister.swift in Sources */,
				87184D0E2C756BEB0003D090 /* OAMRegister.swift in Sources */,
				871932102C372F6900A73C22 /* Bus.swift in Sources */,
				871932122C37985700A73C22 /* Mirroring.swift in Sources */,
				87184D0A2C7511F90003D090 /* MaskRegister.swift in Sources */,
				871932142C3798B400A73C22 /* Cartridge.swift in Sources */,
				87D265172C9DECAF00C143B1 /* Mapper.swift in Sources */,
				871F62342C6541D300132962 /* UInt16+bytes.swift in Sources */,
				878D81472C815E760076ED30 /* NESError.swift in Sources */,
				877E970B2C7E4716007513B5 /* Joypad.swift in Sources */,
				8744B1772C1CB9B3001B44B5 /* happiNESs.docc in Sources */,
			);
			runOnlyForDeploymentPostprocessing = 0;
		};
		8744B1782C1CB9B3001B44B5 /* Sources */ = {
			isa = PBXSourcesBuildPhase;
			buildActionMask = 2147483647;
			files = (
				8763D06A2C39B719006C1B4F /* RomTests.swift in Sources */,
				8744B1822C1CB9B3001B44B5 /* CPUTests.swift in Sources */,
				8763D0682C39B61F006C1B4F /* Helpers.swift in Sources */,
			);
			runOnlyForDeploymentPostprocessing = 0;
		};
/* End PBXSourcesBuildPhase section */

/* Begin PBXTargetDependency section */
		871932022C30C3A500A73C22 /* PBXTargetDependency */ = {
			isa = PBXTargetDependency;
			target = 8744B1712C1CB9B3001B44B5 /* happiNESs */;
			targetProxy = 871932012C30C3A500A73C22 /* PBXContainerItemProxy */;
		};
		8744B17F2C1CB9B3001B44B5 /* PBXTargetDependency */ = {
			isa = PBXTargetDependency;
			target = 8744B1712C1CB9B3001B44B5 /* happiNESs */;
			targetProxy = 8744B17E2C1CB9B3001B44B5 /* PBXContainerItemProxy */;
		};
/* End PBXTargetDependency section */

/* Begin XCBuildConfiguration section */
		871931F92C30BB2C00A73C22 /* Debug */ = {
			isa = XCBuildConfiguration;
			buildSettings = {
				ASSETCATALOG_COMPILER_APPICON_NAME = AppIcon;
				ASSETCATALOG_COMPILER_GLOBAL_ACCENT_COLOR_NAME = AccentColor;
				CODE_SIGN_ENTITLEMENTS = happiNESsApp/happiNESsApp.entitlements;
				CODE_SIGN_STYLE = Automatic;
				COMBINE_HIDPI_IMAGES = YES;
				CURRENT_PROJECT_VERSION = 1;
				DEVELOPMENT_ASSET_PATHS = "\"happiNESsApp/Preview Content\"";
				DEVELOPMENT_TEAM = GARV9392W2;
				ENABLE_HARDENED_RUNTIME = YES;
				ENABLE_PREVIEWS = YES;
				GENERATE_INFOPLIST_FILE = YES;
				INFOPLIST_FILE = happiNESsApp/Info.plist;
				INFOPLIST_KEY_NSHumanReadableCopyright = "";
				LD_RUNPATH_SEARCH_PATHS = (
					"$(inherited)",
					"@executable_path/../Frameworks",
				);
				MARKETING_VERSION = 1.0;
				PRODUCT_BUNDLE_IDENTIFIER = com.quephird.happiNESsApp;
				PRODUCT_NAME = "$(TARGET_NAME)";
				SWIFT_EMIT_LOC_STRINGS = YES;
				SWIFT_VERSION = 5.0;
			};
			name = Debug;
		};
		871931FA2C30BB2C00A73C22 /* Release */ = {
			isa = XCBuildConfiguration;
			buildSettings = {
				ASSETCATALOG_COMPILER_APPICON_NAME = AppIcon;
				ASSETCATALOG_COMPILER_GLOBAL_ACCENT_COLOR_NAME = AccentColor;
				CODE_SIGN_ENTITLEMENTS = happiNESsApp/happiNESsApp.entitlements;
				CODE_SIGN_STYLE = Automatic;
				COMBINE_HIDPI_IMAGES = YES;
				CURRENT_PROJECT_VERSION = 1;
				DEVELOPMENT_ASSET_PATHS = "\"happiNESsApp/Preview Content\"";
				DEVELOPMENT_TEAM = GARV9392W2;
				ENABLE_HARDENED_RUNTIME = YES;
				ENABLE_PREVIEWS = YES;
				GENERATE_INFOPLIST_FILE = YES;
				INFOPLIST_FILE = happiNESsApp/Info.plist;
				INFOPLIST_KEY_NSHumanReadableCopyright = "";
				LD_RUNPATH_SEARCH_PATHS = (
					"$(inherited)",
					"@executable_path/../Frameworks",
				);
				MARKETING_VERSION = 1.0;
				PRODUCT_BUNDLE_IDENTIFIER = com.quephird.happiNESsApp;
				PRODUCT_NAME = "$(TARGET_NAME)";
				SWIFT_EMIT_LOC_STRINGS = YES;
				SWIFT_VERSION = 5.0;
			};
			name = Release;
		};
		8744B1842C1CB9B3001B44B5 /* Debug */ = {
			isa = XCBuildConfiguration;
			buildSettings = {
				ALWAYS_SEARCH_USER_PATHS = NO;
				ASSETCATALOG_COMPILER_GENERATE_SWIFT_ASSET_SYMBOL_EXTENSIONS = YES;
				CLANG_ANALYZER_NONNULL = YES;
				CLANG_ANALYZER_NUMBER_OBJECT_CONVERSION = YES_AGGRESSIVE;
				CLANG_CXX_LANGUAGE_STANDARD = "gnu++20";
				CLANG_ENABLE_MODULES = YES;
				CLANG_ENABLE_OBJC_ARC = YES;
				CLANG_ENABLE_OBJC_WEAK = YES;
				CLANG_WARN_BLOCK_CAPTURE_AUTORELEASING = YES;
				CLANG_WARN_BOOL_CONVERSION = YES;
				CLANG_WARN_COMMA = YES;
				CLANG_WARN_CONSTANT_CONVERSION = YES;
				CLANG_WARN_DEPRECATED_OBJC_IMPLEMENTATIONS = YES;
				CLANG_WARN_DIRECT_OBJC_ISA_USAGE = YES_ERROR;
				CLANG_WARN_DOCUMENTATION_COMMENTS = YES;
				CLANG_WARN_EMPTY_BODY = YES;
				CLANG_WARN_ENUM_CONVERSION = YES;
				CLANG_WARN_INFINITE_RECURSION = YES;
				CLANG_WARN_INT_CONVERSION = YES;
				CLANG_WARN_NON_LITERAL_NULL_CONVERSION = YES;
				CLANG_WARN_OBJC_IMPLICIT_RETAIN_SELF = YES;
				CLANG_WARN_OBJC_LITERAL_CONVERSION = YES;
				CLANG_WARN_OBJC_ROOT_CLASS = YES_ERROR;
				CLANG_WARN_QUOTED_INCLUDE_IN_FRAMEWORK_HEADER = YES;
				CLANG_WARN_RANGE_LOOP_ANALYSIS = YES;
				CLANG_WARN_STRICT_PROTOTYPES = YES;
				CLANG_WARN_SUSPICIOUS_MOVE = YES;
				CLANG_WARN_UNGUARDED_AVAILABILITY = YES_AGGRESSIVE;
				CLANG_WARN_UNREACHABLE_CODE = YES;
				CLANG_WARN__DUPLICATE_METHOD_MATCH = YES;
				COPY_PHASE_STRIP = NO;
				CURRENT_PROJECT_VERSION = 1;
				DEBUG_INFORMATION_FORMAT = dwarf;
				ENABLE_STRICT_OBJC_MSGSEND = YES;
				ENABLE_TESTABILITY = YES;
				ENABLE_USER_SCRIPT_SANDBOXING = YES;
				GCC_C_LANGUAGE_STANDARD = gnu17;
				GCC_DYNAMIC_NO_PIC = NO;
				GCC_NO_COMMON_BLOCKS = YES;
				GCC_OPTIMIZATION_LEVEL = 0;
				GCC_PREPROCESSOR_DEFINITIONS = (
					"DEBUG=1",
					"$(inherited)",
				);
				GCC_WARN_64_TO_32_BIT_CONVERSION = YES;
				GCC_WARN_ABOUT_RETURN_TYPE = YES_ERROR;
				GCC_WARN_UNDECLARED_SELECTOR = YES;
				GCC_WARN_UNINITIALIZED_AUTOS = YES_AGGRESSIVE;
				GCC_WARN_UNUSED_FUNCTION = YES;
				GCC_WARN_UNUSED_VARIABLE = YES;
				LOCALIZATION_PREFERS_STRING_CATALOGS = YES;
				MACOSX_DEPLOYMENT_TARGET = 14.2;
				MTL_ENABLE_DEBUG_INFO = INCLUDE_SOURCE;
				MTL_FAST_MATH = YES;
				ONLY_ACTIVE_ARCH = YES;
				SDKROOT = macosx;
				SWIFT_ACTIVE_COMPILATION_CONDITIONS = "DEBUG $(inherited)";
				SWIFT_OPTIMIZATION_LEVEL = "-Onone";
				VERSIONING_SYSTEM = "apple-generic";
				VERSION_INFO_PREFIX = "";
			};
			name = Debug;
		};
		8744B1852C1CB9B3001B44B5 /* Release */ = {
			isa = XCBuildConfiguration;
			buildSettings = {
				ALWAYS_SEARCH_USER_PATHS = NO;
				ASSETCATALOG_COMPILER_GENERATE_SWIFT_ASSET_SYMBOL_EXTENSIONS = YES;
				CLANG_ANALYZER_NONNULL = YES;
				CLANG_ANALYZER_NUMBER_OBJECT_CONVERSION = YES_AGGRESSIVE;
				CLANG_CXX_LANGUAGE_STANDARD = "gnu++20";
				CLANG_ENABLE_MODULES = YES;
				CLANG_ENABLE_OBJC_ARC = YES;
				CLANG_ENABLE_OBJC_WEAK = YES;
				CLANG_WARN_BLOCK_CAPTURE_AUTORELEASING = YES;
				CLANG_WARN_BOOL_CONVERSION = YES;
				CLANG_WARN_COMMA = YES;
				CLANG_WARN_CONSTANT_CONVERSION = YES;
				CLANG_WARN_DEPRECATED_OBJC_IMPLEMENTATIONS = YES;
				CLANG_WARN_DIRECT_OBJC_ISA_USAGE = YES_ERROR;
				CLANG_WARN_DOCUMENTATION_COMMENTS = YES;
				CLANG_WARN_EMPTY_BODY = YES;
				CLANG_WARN_ENUM_CONVERSION = YES;
				CLANG_WARN_INFINITE_RECURSION = YES;
				CLANG_WARN_INT_CONVERSION = YES;
				CLANG_WARN_NON_LITERAL_NULL_CONVERSION = YES;
				CLANG_WARN_OBJC_IMPLICIT_RETAIN_SELF = YES;
				CLANG_WARN_OBJC_LITERAL_CONVERSION = YES;
				CLANG_WARN_OBJC_ROOT_CLASS = YES_ERROR;
				CLANG_WARN_QUOTED_INCLUDE_IN_FRAMEWORK_HEADER = YES;
				CLANG_WARN_RANGE_LOOP_ANALYSIS = YES;
				CLANG_WARN_STRICT_PROTOTYPES = YES;
				CLANG_WARN_SUSPICIOUS_MOVE = YES;
				CLANG_WARN_UNGUARDED_AVAILABILITY = YES_AGGRESSIVE;
				CLANG_WARN_UNREACHABLE_CODE = YES;
				CLANG_WARN__DUPLICATE_METHOD_MATCH = YES;
				COPY_PHASE_STRIP = NO;
				CURRENT_PROJECT_VERSION = 1;
				DEBUG_INFORMATION_FORMAT = "dwarf-with-dsym";
				ENABLE_NS_ASSERTIONS = NO;
				ENABLE_STRICT_OBJC_MSGSEND = YES;
				ENABLE_USER_SCRIPT_SANDBOXING = YES;
				GCC_C_LANGUAGE_STANDARD = gnu17;
				GCC_NO_COMMON_BLOCKS = YES;
				GCC_WARN_64_TO_32_BIT_CONVERSION = YES;
				GCC_WARN_ABOUT_RETURN_TYPE = YES_ERROR;
				GCC_WARN_UNDECLARED_SELECTOR = YES;
				GCC_WARN_UNINITIALIZED_AUTOS = YES_AGGRESSIVE;
				GCC_WARN_UNUSED_FUNCTION = YES;
				GCC_WARN_UNUSED_VARIABLE = YES;
				LOCALIZATION_PREFERS_STRING_CATALOGS = YES;
				MACOSX_DEPLOYMENT_TARGET = 14.2;
				MTL_ENABLE_DEBUG_INFO = NO;
				MTL_FAST_MATH = YES;
				SDKROOT = macosx;
				SWIFT_COMPILATION_MODE = wholemodule;
				VERSIONING_SYSTEM = "apple-generic";
				VERSION_INFO_PREFIX = "";
			};
			name = Release;
		};
		8744B1872C1CB9B3001B44B5 /* Debug */ = {
			isa = XCBuildConfiguration;
			buildSettings = {
				CODE_SIGN_STYLE = Automatic;
				COMBINE_HIDPI_IMAGES = YES;
				CURRENT_PROJECT_VERSION = 1;
				DEFINES_MODULE = YES;
				DEVELOPMENT_TEAM = GARV9392W2;
				DYLIB_COMPATIBILITY_VERSION = 1;
				DYLIB_CURRENT_VERSION = 1;
				DYLIB_INSTALL_NAME_BASE = "@rpath";
				ENABLE_MODULE_VERIFIER = YES;
				GENERATE_INFOPLIST_FILE = YES;
				INFOPLIST_KEY_NSHumanReadableCopyright = "";
				INSTALL_PATH = "$(LOCAL_LIBRARY_DIR)/Frameworks";
				LD_RUNPATH_SEARCH_PATHS = (
					"$(inherited)",
					"@executable_path/../Frameworks",
					"@loader_path/Frameworks",
				);
				MARKETING_VERSION = 1.0;
				MODULE_VERIFIER_SUPPORTED_LANGUAGES = "objective-c objective-c++";
				MODULE_VERIFIER_SUPPORTED_LANGUAGE_STANDARDS = "gnu17 gnu++20";
				PRODUCT_BUNDLE_IDENTIFIER = com.quephird.happiNESs;
				PRODUCT_NAME = "$(TARGET_NAME:c99extidentifier)";
				SKIP_INSTALL = YES;
				SWIFT_EMIT_LOC_STRINGS = YES;
				SWIFT_VERSION = 5.0;
			};
			name = Debug;
		};
		8744B1882C1CB9B3001B44B5 /* Release */ = {
			isa = XCBuildConfiguration;
			buildSettings = {
				CODE_SIGN_STYLE = Automatic;
				COMBINE_HIDPI_IMAGES = YES;
				CURRENT_PROJECT_VERSION = 1;
				DEFINES_MODULE = YES;
				DEVELOPMENT_TEAM = GARV9392W2;
				DYLIB_COMPATIBILITY_VERSION = 1;
				DYLIB_CURRENT_VERSION = 1;
				DYLIB_INSTALL_NAME_BASE = "@rpath";
				ENABLE_MODULE_VERIFIER = YES;
				GENERATE_INFOPLIST_FILE = YES;
				INFOPLIST_KEY_NSHumanReadableCopyright = "";
				INSTALL_PATH = "$(LOCAL_LIBRARY_DIR)/Frameworks";
				LD_RUNPATH_SEARCH_PATHS = (
					"$(inherited)",
					"@executable_path/../Frameworks",
					"@loader_path/Frameworks",
				);
				MARKETING_VERSION = 1.0;
				MODULE_VERIFIER_SUPPORTED_LANGUAGES = "objective-c objective-c++";
				MODULE_VERIFIER_SUPPORTED_LANGUAGE_STANDARDS = "gnu17 gnu++20";
				PRODUCT_BUNDLE_IDENTIFIER = com.quephird.happiNESs;
				PRODUCT_NAME = "$(TARGET_NAME:c99extidentifier)";
				SKIP_INSTALL = YES;
				SWIFT_EMIT_LOC_STRINGS = YES;
				SWIFT_VERSION = 5.0;
			};
			name = Release;
		};
		8744B18A2C1CB9B3001B44B5 /* Debug */ = {
			isa = XCBuildConfiguration;
			buildSettings = {
				ALWAYS_EMBED_SWIFT_STANDARD_LIBRARIES = YES;
				CODE_SIGN_STYLE = Automatic;
				CURRENT_PROJECT_VERSION = 1;
				DEVELOPMENT_TEAM = GARV9392W2;
				GENERATE_INFOPLIST_FILE = YES;
				MARKETING_VERSION = 1.0;
				PRODUCT_BUNDLE_IDENTIFIER = com.quephird.happiNESsTests;
				PRODUCT_NAME = "$(TARGET_NAME)";
				SWIFT_EMIT_LOC_STRINGS = NO;
				SWIFT_VERSION = 5.0;
			};
			name = Debug;
		};
		8744B18B2C1CB9B3001B44B5 /* Release */ = {
			isa = XCBuildConfiguration;
			buildSettings = {
				ALWAYS_EMBED_SWIFT_STANDARD_LIBRARIES = YES;
				CODE_SIGN_STYLE = Automatic;
				CURRENT_PROJECT_VERSION = 1;
				DEVELOPMENT_TEAM = GARV9392W2;
				GENERATE_INFOPLIST_FILE = YES;
				MARKETING_VERSION = 1.0;
				PRODUCT_BUNDLE_IDENTIFIER = com.quephird.happiNESsTests;
				PRODUCT_NAME = "$(TARGET_NAME)";
				SWIFT_EMIT_LOC_STRINGS = NO;
				SWIFT_VERSION = 5.0;
			};
			name = Release;
		};
/* End XCBuildConfiguration section */

/* Begin XCConfigurationList section */
		871931FB2C30BB2C00A73C22 /* Build configuration list for PBXNativeTarget "happiNESsApp" */ = {
			isa = XCConfigurationList;
			buildConfigurations = (
				871931F92C30BB2C00A73C22 /* Debug */,
				871931FA2C30BB2C00A73C22 /* Release */,
			);
			defaultConfigurationIsVisible = 0;
			defaultConfigurationName = Release;
		};
		8744B16C2C1CB9B3001B44B5 /* Build configuration list for PBXProject "happiNESs" */ = {
			isa = XCConfigurationList;
			buildConfigurations = (
				8744B1842C1CB9B3001B44B5 /* Debug */,
				8744B1852C1CB9B3001B44B5 /* Release */,
			);
			defaultConfigurationIsVisible = 0;
			defaultConfigurationName = Release;
		};
		8744B1862C1CB9B3001B44B5 /* Build configuration list for PBXNativeTarget "happiNESs" */ = {
			isa = XCConfigurationList;
			buildConfigurations = (
				8744B1872C1CB9B3001B44B5 /* Debug */,
				8744B1882C1CB9B3001B44B5 /* Release */,
			);
			defaultConfigurationIsVisible = 0;
			defaultConfigurationName = Release;
		};
		8744B1892C1CB9B3001B44B5 /* Build configuration list for PBXNativeTarget "happiNESsTests" */ = {
			isa = XCConfigurationList;
			buildConfigurations = (
				8744B18A2C1CB9B3001B44B5 /* Debug */,
				8744B18B2C1CB9B3001B44B5 /* Release */,
			);
			defaultConfigurationIsVisible = 0;
			defaultConfigurationName = Release;
		};
/* End XCConfigurationList section */
	};
	rootObject = 8744B1692C1CB9B3001B44B5 /* Project object */;
}
